
Microsoft Visual Studio Solution File, Format Version 12.00
# Visual Studio 14
VisualStudioVersion = 14.0.25420.1
MinimumVisualStudioVersion = 10.0.40219.1
Project("{2150E333-8FDC-42A3-9474-1A3956D46DE8}") = "VisualStudioAnalyzer", "VisualStudioAnalyzer", "{F1175435-0F79-442B-9DE7-0C6801A82E5A}"
EndProject
Project("{8BC9CEB8-8B4A-11D0-8D11-00A0C91BC942}") = "DsmSuite.Analyzer.VisualStudio.Test.Data.Cpp", "DsmSuite.Analyzer.VisualStudio.Test.Data.Cpp\DsmSuite.Analyzer.VisualStudio.Test.Data.Cpp.vcxproj", "{D485327F-A1F8-4E13-8ACB-36DEE706C9F2}"
EndProject
Project("{2150E333-8FDC-42A3-9474-1A3956D46DE8}") = "TestData", "TestData", "{253991D0-5167-48FC-A767-5537AB5C18DE}"
EndProject
Project("{8BC9CEB8-8B4A-11D0-8D11-00A0C91BC942}") = "DsmSuite.Analyzer.VisualStudio.Test.Data.Clr", "DsmSuite.Analyzer.VisualStudio.Test.Data.Clr\DsmSuite.Analyzer.VisualStudio.Test.Data.Clr.vcxproj", "{E243C14E-DF57-4A98-9690-2A539E1F4C41}"
EndProject
Project("{8BC9CEB8-8B4A-11D0-8D11-00A0C91BC942}") = "DsmSuite.Analyzer.VisualStudio.Test.Data.Com", "DsmSuite.Analyzer.VisualStudio.Test.Data.Com\DsmSuite.Analyzer.VisualStudio.Test.Data.Com.vcxproj", "{4A7443BC-BB2C-49B3-9D95-1FB7662F8CFE}"
EndProject
Project("{FAE04EC0-301F-11D3-BF4B-00C04F79EFBC}") = "DsmSuite.Analyzer.VisualStudio.Test.Data.DotNet", "DsmSuite.Analyzer.VisualStudio.Test.Data.DotNet\DsmSuite.Analyzer.VisualStudio.Test.Data.DotNet.csproj", "{9768B690-0C6E-4F59-8987-EBBD4780DDE6}"
	ProjectSection(ProjectDependencies) = postProject
		{4A7443BC-BB2C-49B3-9D95-1FB7662F8CFE} = {4A7443BC-BB2C-49B3-9D95-1FB7662F8CFE}
	EndProjectSection
EndProject
Global
	GlobalSection(SolutionConfigurationPlatforms) = preSolution
		Debug|x64 = Debug|x64
		Release|x64 = Release|x64
	EndGlobalSection
	GlobalSection(ProjectConfigurationPlatforms) = postSolution
		{D485327F-A1F8-4E13-8ACB-36DEE706C9F2}.Debug|x64.ActiveCfg = Debug|x64
		{D485327F-A1F8-4E13-8ACB-36DEE706C9F2}.Debug|x64.Build.0 = Debug|x64
		{D485327F-A1F8-4E13-8ACB-36DEE706C9F2}.Release|x64.ActiveCfg = Release|x64
		{D485327F-A1F8-4E13-8ACB-36DEE706C9F2}.Release|x64.Build.0 = Release|x64
		{E243C14E-DF57-4A98-9690-2A539E1F4C41}.Debug|x64.ActiveCfg = Debug|x64
		{E243C14E-DF57-4A98-9690-2A539E1F4C41}.Debug|x64.Build.0 = Debug|x64
		{E243C14E-DF57-4A98-9690-2A539E1F4C41}.Release|x64.ActiveCfg = Release|x64
		{E243C14E-DF57-4A98-9690-2A539E1F4C41}.Release|x64.Build.0 = Release|x64
		{4A7443BC-BB2C-49B3-9D95-1FB7662F8CFE}.Debug|x64.ActiveCfg = Debug|x64
		{4A7443BC-BB2C-49B3-9D95-1FB7662F8CFE}.Debug|x64.Build.0 = Debug|x64
		{4A7443BC-BB2C-49B3-9D95-1FB7662F8CFE}.Release|x64.ActiveCfg = Release|x64
		{4A7443BC-BB2C-49B3-9D95-1FB7662F8CFE}.Release|x64.Build.0 = Release|x64
		{9768B690-0C6E-4F59-8987-EBBD4780DDE6}.Debug|x64.ActiveCfg = Debug|x64
		{9768B690-0C6E-4F59-8987-EBBD4780DDE6}.Debug|x64.Build.0 = Debug|x64
		{9768B690-0C6E-4F59-8987-EBBD4780DDE6}.Release|x64.ActiveCfg = Release|x64
		{9768B690-0C6E-4F59-8987-EBBD4780DDE6}.Release|x64.Build.0 = Release|x64
	EndGlobalSection
	GlobalSection(SolutionProperties) = preSolution
		HideSolutionNode = FALSE
	EndGlobalSection
	GlobalSection(NestedProjects) = preSolution
		{F1175435-0F79-442B-9DE7-0C6801A82E5A} = {253991D0-5167-48FC-A767-5537AB5C18DE}
		{D485327F-A1F8-4E13-8ACB-36DEE706C9F2} = {F1175435-0F79-442B-9DE7-0C6801A82E5A}
		{E243C14E-DF57-4A98-9690-2A539E1F4C41} = {F1175435-0F79-442B-9DE7-0C6801A82E5A}
		{4A7443BC-BB2C-49B3-9D95-1FB7662F8CFE} = {F1175435-0F79-442B-9DE7-0C6801A82E5A}
		{9768B690-0C6E-4F59-8987-EBBD4780DDE6} = {F1175435-0F79-442B-9DE7-0C6801A82E5A}
	EndGlobalSection
EndGlobal
