
Microsoft Visual Studio Solution File, Format Version 12.00
# Visual Studio Version 17
VisualStudioVersion = 17.12.35527.113
MinimumVisualStudioVersion = 10.0.40219.1
Project("{2150E333-8FDC-42A3-9474-1A3956D46DE8}") = "Common", "Common", "{2B200980-1A3B-481B-B754-8534E51BD411}"
EndProject
Project("{FAE04EC0-301F-11D3-BF4B-00C04F79EFBC}") = "DsmSuite.Common.Util", "DsmSuite.Common.Util\DsmSuite.Common.Util.csproj", "{78904599-930B-4417-BE91-757BB003CCBE}"
EndProject
Project("{FAE04EC0-301F-11D3-BF4B-00C04F79EFBC}") = "DsmSuite.Common.Util.Test", "DsmSuite.Common.Util.Test\DsmSuite.Common.Util.Test.csproj", "{9011BEEE-FF23-47CF-96CB-0DED331983F8}"
EndProject
Project("{FAE04EC0-301F-11D3-BF4B-00C04F79EFBC}") = "DsmSuite.Common.Model", "DsmSuite.Common.Model\DsmSuite.Common.Model.csproj", "{7C456B35-1BF2-4DCE-8BBD-DEB085C6BCBF}"
EndProject
Project("{FAE04EC0-301F-11D3-BF4B-00C04F79EFBC}") = "DsmSuite.Common.Model.Test", "DsmSuite.Common.Model.Test\DsmSuite.Common.Model.Test.csproj", "{DC506F89-6F5D-47D0-8D81-59BB9A5F578C}"
EndProject
Project("{2150E333-8FDC-42A3-9474-1A3956D46DE8}") = "Analyzer", "Analyzer", "{8A35429A-C458-4B63-82B9-91482CDE4B65}"
EndProject
Project("{2150E333-8FDC-42A3-9474-1A3956D46DE8}") = "Model", "Model", "{29E5EFAA-C062-4B05-81D1-5433046CE3AE}"
EndProject
Project("{2150E333-8FDC-42A3-9474-1A3956D46DE8}") = "Cpp", "Cpp", "{A25443E4-6316-4263-839D-8815807260A4}"
EndProject
Project("{2150E333-8FDC-42A3-9474-1A3956D46DE8}") = "DotNet", "DotNet", "{8DEB9032-423F-44D6-867A-A7A1E7B60349}"
EndProject
Project("{2150E333-8FDC-42A3-9474-1A3956D46DE8}") = "Jdeps", "Jdeps", "{0005359D-2164-4E88-94E4-F596135136FA}"
EndProject
Project("{2150E333-8FDC-42A3-9474-1A3956D46DE8}") = "Compare", "Compare", "{6862E1DA-90E4-4B78-8AD7-85EFE48AD3B4}"
EndProject
Project("{2150E333-8FDC-42A3-9474-1A3956D46DE8}") = "Uml", "Uml", "{D907905D-9028-4AF4-B462-D94815342FB1}"
EndProject
Project("{FAE04EC0-301F-11D3-BF4B-00C04F79EFBC}") = "DsmSuite.Analyzer.Model", "DsmSuite.Analyzer.Model\DsmSuite.Analyzer.Model.csproj", "{CD503CE8-A568-4F08-9572-D94FBF38AE63}"
EndProject
Project("{FAE04EC0-301F-11D3-BF4B-00C04F79EFBC}") = "DsmSuite.Analyzer.Model.Test", "DsmSuite.Analyzer.Model.Test\DsmSuite.Analyzer.Model.Test.csproj", "{ABB12872-73CC-4436-AA5A-9E271433DED4}"
EndProject
Project("{FAE04EC0-301F-11D3-BF4B-00C04F79EFBC}") = "DsmSuite.Analyzer.Compare", "DsmSuite.Analyzer.Compare\DsmSuite.Analyzer.Compare.csproj", "{AEA9CA30-AFC1-4C42-8A0A-9418981CF504}"
EndProject
Project("{FAE04EC0-301F-11D3-BF4B-00C04F79EFBC}") = "DsmSuite.Analyzer.Compare.Test", "DsmSuite.Analyzer.Compare.Test\DsmSuite.Analyzer.Compare.Test.csproj", "{874734BC-2F23-4346-866B-D5BDC58D01E3}"
EndProject
Project("{FAE04EC0-301F-11D3-BF4B-00C04F79EFBC}") = "DsmSuite.Analyzer.CompareLib", "DsmSuite.Analyzer.CompareLib\DsmSuite.Analyzer.CompareLib.csproj", "{537D02B2-F244-4EEF-BB40-AEAB47AC79EE}"
EndProject
Project("{2150E333-8FDC-42A3-9474-1A3956D46DE8}") = "Transformations", "Transformations", "{E395DF3A-E587-4910-A36C-CF47DAC69CE4}"
EndProject
Project("{FAE04EC0-301F-11D3-BF4B-00C04F79EFBC}") = "DsmSuite.Analyzer.Transformations", "DsmSuite.Analyzer.Transformations\DsmSuite.Analyzer.Transformations.csproj", "{8568DACC-AD24-4FF6-A6AD-413CFA44D169}"
EndProject
Project("{FAE04EC0-301F-11D3-BF4B-00C04F79EFBC}") = "DsmSuite.Analyzer.Transformations.Test", "DsmSuite.Analyzer.Transformations.Test\DsmSuite.Analyzer.Transformations.Test.csproj", "{6C4D7448-27BC-498C-9E78-131255674EE1}"
EndProject
Project("{FAE04EC0-301F-11D3-BF4B-00C04F79EFBC}") = "DsmSuite.Analyzer.DotNet", "DsmSuite.Analyzer.DotNet\DsmSuite.Analyzer.DotNet.csproj", "{46AD6015-401C-437C-9152-A3CA068BF3FA}"
EndProject
Project("{FAE04EC0-301F-11D3-BF4B-00C04F79EFBC}") = "DsmSuite.Analyzer.DotNet.Lib", "DsmSuite.Analyzer.DotNet.Lib\DsmSuite.Analyzer.DotNet.Lib.csproj", "{7186A2B0-833C-4A25-8A4D-8D00E1C0EA81}"
EndProject
Project("{FAE04EC0-301F-11D3-BF4B-00C04F79EFBC}") = "DsmSuite.Analyzer.DotNet.Test", "DsmSuite.Analyzer.DotNet.Test\DsmSuite.Analyzer.DotNet.Test.csproj", "{4725DFCE-3753-4853-A78D-A068424FFC3B}"
	ProjectSection(ProjectDependencies) = postProject
		{3A753484-F583-4720-A476-C850F6031B6F} = {3A753484-F583-4720-A476-C850F6031B6F}
		{7186A2B0-833C-4A25-8A4D-8D00E1C0EA81} = {7186A2B0-833C-4A25-8A4D-8D00E1C0EA81}
	EndProjectSection
EndProject
Project("{FAE04EC0-301F-11D3-BF4B-00C04F79EFBC}") = "DsmSuite.Analyzer.DotNet.Test.Data", "DsmSuite.Analyzer.DotNet.Test.Data\DsmSuite.Analyzer.DotNet.Test.Data.csproj", "{3A753484-F583-4720-A476-C850F6031B6F}"
EndProject
Project("{FAE04EC0-301F-11D3-BF4B-00C04F79EFBC}") = "DsmSuite.Analyzer.Jdeps", "DsmSuite.Analyzer.Jdeps\DsmSuite.Analyzer.Jdeps.csproj", "{C3081016-AD01-4FDC-B871-C6CB8D8A47C6}"
EndProject
Project("{FAE04EC0-301F-11D3-BF4B-00C04F79EFBC}") = "DsmSuite.Analyzer.Jdeps.Test", "DsmSuite.Analyzer.Jdeps.Test\DsmSuite.Analyzer.Jdeps.Test.csproj", "{43EA176B-80C6-4C41-B794-63FBFE4A4D7F}"
EndProject
Project("{FAE04EC0-301F-11D3-BF4B-00C04F79EFBC}") = "DsmSuite.Analyzer.Uml", "DsmSuite.Analyzer.Uml\DsmSuite.Analyzer.Uml.csproj", "{2D8A1673-3298-4D2D-AB4C-04337FA5FF29}"
EndProject
Project("{FAE04EC0-301F-11D3-BF4B-00C04F79EFBC}") = "DsmSuite.Analyzer.Util.Test", "DsmSuite.Analyzer.Util.Test\DsmSuite.Analyzer.Util.Test.csproj", "{2D6B3169-8182-4A32-B2FD-C3863B87F21B}"
EndProject
Project("{8BC9CEB8-8B4A-11D0-8D11-00A0C91BC942}") = "DsmSuite.Analyzer.Cpp.Test.Data", "DsmSuite.Analyzer.Cpp.Test.Data\DsmSuite.Analyzer.Cpp.Test.Data.vcxproj", "{20C7FCE1-0363-48CF-9BB3-98C2AD6E770A}"
EndProject
Project("{FAE04EC0-301F-11D3-BF4B-00C04F79EFBC}") = "DsmSuite.Analyzer.Cpp", "DsmSuite.Analyzer.Cpp\DsmSuite.Analyzer.Cpp.csproj", "{80943F89-848B-41FE-BF2A-9D514506AB97}"
EndProject
Project("{FAE04EC0-301F-11D3-BF4B-00C04F79EFBC}") = "DsmSuite.Analyzer.Cpp.Test", "DsmSuite.Analyzer.Cpp.Test\DsmSuite.Analyzer.Cpp.Test.csproj", "{06D19179-E835-49E9-A2F0-6288B8942477}"
EndProject
Project("{2150E333-8FDC-42A3-9474-1A3956D46DE8}") = "Viewer", "Viewer", "{4406BF2F-E1DB-4635-9B21-408AD3D13F4F}"
EndProject
Project("{2150E333-8FDC-42A3-9474-1A3956D46DE8}") = "Application", "Application", "{08DC7182-6615-45C2-BD97-6C5FB9BAF152}"
EndProject
Project("{2150E333-8FDC-42A3-9474-1A3956D46DE8}") = "Model", "Model", "{19D1B153-AF5C-43D7-882E-C804417D2999}"
EndProject
Project("{2150E333-8FDC-42A3-9474-1A3956D46DE8}") = "View", "View", "{06032802-C464-46DF-BF41-69D55A8441F0}"
EndProject
Project("{2150E333-8FDC-42A3-9474-1A3956D46DE8}") = "ViewModel", "ViewModel", "{A92212F7-57EF-4934-B7C9-7EDD205DE70E}"
EndProject
Project("{FAE04EC0-301F-11D3-BF4B-00C04F79EFBC}") = "DsmSuite.DsmViewer.Model", "DsmSuite.DsmViewer.Model\DsmSuite.DsmViewer.Model.csproj", "{D4CE4A4A-30E3-455B-BB0B-2F41004513E0}"
EndProject
Project("{FAE04EC0-301F-11D3-BF4B-00C04F79EFBC}") = "DsmSuite.DsmViewer.Model.Test", "DsmSuite.DsmViewer.Model.Test\DsmSuite.DsmViewer.Model.Test.csproj", "{7BAD9800-57B3-424F-A7E2-E02C111B528D}"
EndProject
Project("{FAE04EC0-301F-11D3-BF4B-00C04F79EFBC}") = "DsmSuite.DsmViewer.Application", "DsmSuite.DsmViewer.Application\DsmSuite.DsmViewer.Application.csproj", "{06C7CC36-8477-4831-878B-FE0B23AF1A55}"
EndProject
Project("{FAE04EC0-301F-11D3-BF4B-00C04F79EFBC}") = "DsmSuite.DsmViewer.Application.Test", "DsmSuite.DsmViewer.Application.Test\DsmSuite.DsmViewer.Application.Test.csproj", "{8013A47B-4616-4C75-8DE3-003E05ED2225}"
EndProject
Project("{FAE04EC0-301F-11D3-BF4B-00C04F79EFBC}") = "DsmSuite.DsmViewer.ViewModel", "DsmSuite.DsmViewer.ViewModel\DsmSuite.DsmViewer.ViewModel.csproj", "{302182AE-7ED7-4B15-B3B6-34C69C748C8C}"
EndProject
Project("{FAE04EC0-301F-11D3-BF4B-00C04F79EFBC}") = "DsmSuite.DsmViewer.ViewModel.Test", "DsmSuite.DsmViewer.ViewModel.Test\DsmSuite.DsmViewer.ViewModel.Test.csproj", "{1CB99B92-DBB2-4950-B90F-324EA29DF9F6}"
EndProject
Project("{FAE04EC0-301F-11D3-BF4B-00C04F79EFBC}") = "DsmSuite.DsmViewer.View", "DsmSuite.DsmViewer.View\DsmSuite.DsmViewer.View.csproj", "{5E831B11-66BA-4479-905D-B0E695951A5A}"
EndProject
Project("{2150E333-8FDC-42A3-9474-1A3956D46DE8}") = "Installer", "Installer", "{C61611CA-C559-4C95-BD10-9D2A6777CD80}"
EndProject
Project("{930C7802-8A8C-48F9-8165-68863BCCD9DD}") = "DsmSuite.Installer", "DsmSuite.Installer\DsmSuite.Installer.wixproj", "{4641D099-C87D-4B5D-8B50-E5C074E619D0}"
EndProject
Global
	GlobalSection(SolutionConfigurationPlatforms) = preSolution
		Debug|Any CPU = Debug|Any CPU
		Debug|x64 = Debug|x64
		Debug|x86 = Debug|x86
		Release|Any CPU = Release|Any CPU
		Release|x64 = Release|x64
		Release|x86 = Release|x86
	EndGlobalSection
	GlobalSection(ProjectConfigurationPlatforms) = postSolution
		{78904599-930B-4417-BE91-757BB003CCBE}.Debug|Any CPU.ActiveCfg = Debug|Any CPU
		{78904599-930B-4417-BE91-757BB003CCBE}.Debug|Any CPU.Build.0 = Debug|Any CPU
		{78904599-930B-4417-BE91-757BB003CCBE}.Debug|x64.ActiveCfg = Debug|Any CPU
		{78904599-930B-4417-BE91-757BB003CCBE}.Debug|x64.Build.0 = Debug|Any CPU
		{78904599-930B-4417-BE91-757BB003CCBE}.Debug|x86.ActiveCfg = Debug|Any CPU
		{78904599-930B-4417-BE91-757BB003CCBE}.Debug|x86.Build.0 = Debug|Any CPU
		{78904599-930B-4417-BE91-757BB003CCBE}.Release|Any CPU.ActiveCfg = Release|Any CPU
		{78904599-930B-4417-BE91-757BB003CCBE}.Release|Any CPU.Build.0 = Release|Any CPU
		{78904599-930B-4417-BE91-757BB003CCBE}.Release|x64.ActiveCfg = Release|Any CPU
		{78904599-930B-4417-BE91-757BB003CCBE}.Release|x64.Build.0 = Release|Any CPU
		{78904599-930B-4417-BE91-757BB003CCBE}.Release|x86.ActiveCfg = Release|Any CPU
		{78904599-930B-4417-BE91-757BB003CCBE}.Release|x86.Build.0 = Release|Any CPU
		{9011BEEE-FF23-47CF-96CB-0DED331983F8}.Debug|Any CPU.ActiveCfg = Debug|Any CPU
		{9011BEEE-FF23-47CF-96CB-0DED331983F8}.Debug|Any CPU.Build.0 = Debug|Any CPU
		{9011BEEE-FF23-47CF-96CB-0DED331983F8}.Debug|x64.ActiveCfg = Debug|Any CPU
		{9011BEEE-FF23-47CF-96CB-0DED331983F8}.Debug|x64.Build.0 = Debug|Any CPU
		{9011BEEE-FF23-47CF-96CB-0DED331983F8}.Debug|x86.ActiveCfg = Debug|Any CPU
		{9011BEEE-FF23-47CF-96CB-0DED331983F8}.Debug|x86.Build.0 = Debug|Any CPU
		{9011BEEE-FF23-47CF-96CB-0DED331983F8}.Release|Any CPU.ActiveCfg = Release|Any CPU
		{9011BEEE-FF23-47CF-96CB-0DED331983F8}.Release|Any CPU.Build.0 = Release|Any CPU
		{9011BEEE-FF23-47CF-96CB-0DED331983F8}.Release|x64.ActiveCfg = Release|Any CPU
		{9011BEEE-FF23-47CF-96CB-0DED331983F8}.Release|x64.Build.0 = Release|Any CPU
		{9011BEEE-FF23-47CF-96CB-0DED331983F8}.Release|x86.ActiveCfg = Release|Any CPU
		{9011BEEE-FF23-47CF-96CB-0DED331983F8}.Release|x86.Build.0 = Release|Any CPU
		{7C456B35-1BF2-4DCE-8BBD-DEB085C6BCBF}.Debug|Any CPU.ActiveCfg = Debug|Any CPU
		{7C456B35-1BF2-4DCE-8BBD-DEB085C6BCBF}.Debug|Any CPU.Build.0 = Debug|Any CPU
		{7C456B35-1BF2-4DCE-8BBD-DEB085C6BCBF}.Debug|x64.ActiveCfg = Debug|Any CPU
		{7C456B35-1BF2-4DCE-8BBD-DEB085C6BCBF}.Debug|x64.Build.0 = Debug|Any CPU
		{7C456B35-1BF2-4DCE-8BBD-DEB085C6BCBF}.Debug|x86.ActiveCfg = Debug|Any CPU
		{7C456B35-1BF2-4DCE-8BBD-DEB085C6BCBF}.Debug|x86.Build.0 = Debug|Any CPU
		{7C456B35-1BF2-4DCE-8BBD-DEB085C6BCBF}.Release|Any CPU.ActiveCfg = Release|Any CPU
		{7C456B35-1BF2-4DCE-8BBD-DEB085C6BCBF}.Release|Any CPU.Build.0 = Release|Any CPU
		{7C456B35-1BF2-4DCE-8BBD-DEB085C6BCBF}.Release|x64.ActiveCfg = Release|Any CPU
		{7C456B35-1BF2-4DCE-8BBD-DEB085C6BCBF}.Release|x64.Build.0 = Release|Any CPU
		{7C456B35-1BF2-4DCE-8BBD-DEB085C6BCBF}.Release|x86.ActiveCfg = Release|Any CPU
		{7C456B35-1BF2-4DCE-8BBD-DEB085C6BCBF}.Release|x86.Build.0 = Release|Any CPU
		{DC506F89-6F5D-47D0-8D81-59BB9A5F578C}.Debug|Any CPU.ActiveCfg = Debug|Any CPU
		{DC506F89-6F5D-47D0-8D81-59BB9A5F578C}.Debug|Any CPU.Build.0 = Debug|Any CPU
		{DC506F89-6F5D-47D0-8D81-59BB9A5F578C}.Debug|x64.ActiveCfg = Debug|Any CPU
		{DC506F89-6F5D-47D0-8D81-59BB9A5F578C}.Debug|x64.Build.0 = Debug|Any CPU
		{DC506F89-6F5D-47D0-8D81-59BB9A5F578C}.Debug|x86.ActiveCfg = Debug|Any CPU
		{DC506F89-6F5D-47D0-8D81-59BB9A5F578C}.Debug|x86.Build.0 = Debug|Any CPU
		{DC506F89-6F5D-47D0-8D81-59BB9A5F578C}.Release|Any CPU.ActiveCfg = Release|Any CPU
		{DC506F89-6F5D-47D0-8D81-59BB9A5F578C}.Release|Any CPU.Build.0 = Release|Any CPU
		{DC506F89-6F5D-47D0-8D81-59BB9A5F578C}.Release|x64.ActiveCfg = Release|Any CPU
		{DC506F89-6F5D-47D0-8D81-59BB9A5F578C}.Release|x64.Build.0 = Release|Any CPU
		{DC506F89-6F5D-47D0-8D81-59BB9A5F578C}.Release|x86.ActiveCfg = Release|Any CPU
		{DC506F89-6F5D-47D0-8D81-59BB9A5F578C}.Release|x86.Build.0 = Release|Any CPU
		{CD503CE8-A568-4F08-9572-D94FBF38AE63}.Debug|Any CPU.ActiveCfg = Debug|Any CPU
		{CD503CE8-A568-4F08-9572-D94FBF38AE63}.Debug|Any CPU.Build.0 = Debug|Any CPU
		{CD503CE8-A568-4F08-9572-D94FBF38AE63}.Debug|x64.ActiveCfg = Debug|Any CPU
		{CD503CE8-A568-4F08-9572-D94FBF38AE63}.Debug|x64.Build.0 = Debug|Any CPU
		{CD503CE8-A568-4F08-9572-D94FBF38AE63}.Debug|x86.ActiveCfg = Debug|Any CPU
		{CD503CE8-A568-4F08-9572-D94FBF38AE63}.Debug|x86.Build.0 = Debug|Any CPU
		{CD503CE8-A568-4F08-9572-D94FBF38AE63}.Release|Any CPU.ActiveCfg = Release|Any CPU
		{CD503CE8-A568-4F08-9572-D94FBF38AE63}.Release|Any CPU.Build.0 = Release|Any CPU
		{CD503CE8-A568-4F08-9572-D94FBF38AE63}.Release|x64.ActiveCfg = Release|Any CPU
		{CD503CE8-A568-4F08-9572-D94FBF38AE63}.Release|x64.Build.0 = Release|Any CPU
		{CD503CE8-A568-4F08-9572-D94FBF38AE63}.Release|x86.ActiveCfg = Release|Any CPU
		{CD503CE8-A568-4F08-9572-D94FBF38AE63}.Release|x86.Build.0 = Release|Any CPU
		{ABB12872-73CC-4436-AA5A-9E271433DED4}.Debug|Any CPU.ActiveCfg = Debug|Any CPU
		{ABB12872-73CC-4436-AA5A-9E271433DED4}.Debug|Any CPU.Build.0 = Debug|Any CPU
		{ABB12872-73CC-4436-AA5A-9E271433DED4}.Debug|x64.ActiveCfg = Debug|Any CPU
		{ABB12872-73CC-4436-AA5A-9E271433DED4}.Debug|x64.Build.0 = Debug|Any CPU
		{ABB12872-73CC-4436-AA5A-9E271433DED4}.Debug|x86.ActiveCfg = Debug|Any CPU
		{ABB12872-73CC-4436-AA5A-9E271433DED4}.Debug|x86.Build.0 = Debug|Any CPU
		{ABB12872-73CC-4436-AA5A-9E271433DED4}.Release|Any CPU.ActiveCfg = Release|Any CPU
		{ABB12872-73CC-4436-AA5A-9E271433DED4}.Release|Any CPU.Build.0 = Release|Any CPU
		{ABB12872-73CC-4436-AA5A-9E271433DED4}.Release|x64.ActiveCfg = Release|Any CPU
		{ABB12872-73CC-4436-AA5A-9E271433DED4}.Release|x64.Build.0 = Release|Any CPU
		{ABB12872-73CC-4436-AA5A-9E271433DED4}.Release|x86.ActiveCfg = Release|Any CPU
		{ABB12872-73CC-4436-AA5A-9E271433DED4}.Release|x86.Build.0 = Release|Any CPU
		{AEA9CA30-AFC1-4C42-8A0A-9418981CF504}.Debug|Any CPU.ActiveCfg = Debug|Any CPU
		{AEA9CA30-AFC1-4C42-8A0A-9418981CF504}.Debug|Any CPU.Build.0 = Debug|Any CPU
		{AEA9CA30-AFC1-4C42-8A0A-9418981CF504}.Debug|x64.ActiveCfg = Debug|Any CPU
		{AEA9CA30-AFC1-4C42-8A0A-9418981CF504}.Debug|x64.Build.0 = Debug|Any CPU
		{AEA9CA30-AFC1-4C42-8A0A-9418981CF504}.Debug|x86.ActiveCfg = Debug|Any CPU
		{AEA9CA30-AFC1-4C42-8A0A-9418981CF504}.Debug|x86.Build.0 = Debug|Any CPU
		{AEA9CA30-AFC1-4C42-8A0A-9418981CF504}.Release|Any CPU.ActiveCfg = Release|Any CPU
		{AEA9CA30-AFC1-4C42-8A0A-9418981CF504}.Release|Any CPU.Build.0 = Release|Any CPU
		{AEA9CA30-AFC1-4C42-8A0A-9418981CF504}.Release|x64.ActiveCfg = Release|Any CPU
		{AEA9CA30-AFC1-4C42-8A0A-9418981CF504}.Release|x64.Build.0 = Release|Any CPU
		{AEA9CA30-AFC1-4C42-8A0A-9418981CF504}.Release|x86.ActiveCfg = Release|Any CPU
		{AEA9CA30-AFC1-4C42-8A0A-9418981CF504}.Release|x86.Build.0 = Release|Any CPU
		{874734BC-2F23-4346-866B-D5BDC58D01E3}.Debug|Any CPU.ActiveCfg = Debug|Any CPU
		{874734BC-2F23-4346-866B-D5BDC58D01E3}.Debug|Any CPU.Build.0 = Debug|Any CPU
		{874734BC-2F23-4346-866B-D5BDC58D01E3}.Debug|x64.ActiveCfg = Debug|Any CPU
		{874734BC-2F23-4346-866B-D5BDC58D01E3}.Debug|x64.Build.0 = Debug|Any CPU
		{874734BC-2F23-4346-866B-D5BDC58D01E3}.Debug|x86.ActiveCfg = Debug|Any CPU
		{874734BC-2F23-4346-866B-D5BDC58D01E3}.Debug|x86.Build.0 = Debug|Any CPU
		{874734BC-2F23-4346-866B-D5BDC58D01E3}.Release|Any CPU.ActiveCfg = Release|Any CPU
		{874734BC-2F23-4346-866B-D5BDC58D01E3}.Release|Any CPU.Build.0 = Release|Any CPU
		{874734BC-2F23-4346-866B-D5BDC58D01E3}.Release|x64.ActiveCfg = Release|Any CPU
		{874734BC-2F23-4346-866B-D5BDC58D01E3}.Release|x64.Build.0 = Release|Any CPU
		{874734BC-2F23-4346-866B-D5BDC58D01E3}.Release|x86.ActiveCfg = Release|Any CPU
		{874734BC-2F23-4346-866B-D5BDC58D01E3}.Release|x86.Build.0 = Release|Any CPU
		{537D02B2-F244-4EEF-BB40-AEAB47AC79EE}.Debug|Any CPU.ActiveCfg = Debug|Any CPU
		{537D02B2-F244-4EEF-BB40-AEAB47AC79EE}.Debug|Any CPU.Build.0 = Debug|Any CPU
		{537D02B2-F244-4EEF-BB40-AEAB47AC79EE}.Debug|x64.ActiveCfg = Debug|Any CPU
		{537D02B2-F244-4EEF-BB40-AEAB47AC79EE}.Debug|x64.Build.0 = Debug|Any CPU
		{537D02B2-F244-4EEF-BB40-AEAB47AC79EE}.Debug|x86.ActiveCfg = Debug|Any CPU
		{537D02B2-F244-4EEF-BB40-AEAB47AC79EE}.Debug|x86.Build.0 = Debug|Any CPU
		{537D02B2-F244-4EEF-BB40-AEAB47AC79EE}.Release|Any CPU.ActiveCfg = Release|Any CPU
		{537D02B2-F244-4EEF-BB40-AEAB47AC79EE}.Release|Any CPU.Build.0 = Release|Any CPU
		{537D02B2-F244-4EEF-BB40-AEAB47AC79EE}.Release|x64.ActiveCfg = Release|Any CPU
		{537D02B2-F244-4EEF-BB40-AEAB47AC79EE}.Release|x64.Build.0 = Release|Any CPU
		{537D02B2-F244-4EEF-BB40-AEAB47AC79EE}.Release|x86.ActiveCfg = Release|Any CPU
		{537D02B2-F244-4EEF-BB40-AEAB47AC79EE}.Release|x86.Build.0 = Release|Any CPU
		{8568DACC-AD24-4FF6-A6AD-413CFA44D169}.Debug|Any CPU.ActiveCfg = Debug|Any CPU
		{8568DACC-AD24-4FF6-A6AD-413CFA44D169}.Debug|Any CPU.Build.0 = Debug|Any CPU
		{8568DACC-AD24-4FF6-A6AD-413CFA44D169}.Debug|x64.ActiveCfg = Debug|Any CPU
		{8568DACC-AD24-4FF6-A6AD-413CFA44D169}.Debug|x64.Build.0 = Debug|Any CPU
		{8568DACC-AD24-4FF6-A6AD-413CFA44D169}.Debug|x86.ActiveCfg = Debug|Any CPU
		{8568DACC-AD24-4FF6-A6AD-413CFA44D169}.Debug|x86.Build.0 = Debug|Any CPU
		{8568DACC-AD24-4FF6-A6AD-413CFA44D169}.Release|Any CPU.ActiveCfg = Release|Any CPU
		{8568DACC-AD24-4FF6-A6AD-413CFA44D169}.Release|Any CPU.Build.0 = Release|Any CPU
		{8568DACC-AD24-4FF6-A6AD-413CFA44D169}.Release|x64.ActiveCfg = Release|Any CPU
		{8568DACC-AD24-4FF6-A6AD-413CFA44D169}.Release|x64.Build.0 = Release|Any CPU
		{8568DACC-AD24-4FF6-A6AD-413CFA44D169}.Release|x86.ActiveCfg = Release|Any CPU
		{8568DACC-AD24-4FF6-A6AD-413CFA44D169}.Release|x86.Build.0 = Release|Any CPU
		{6C4D7448-27BC-498C-9E78-131255674EE1}.Debug|Any CPU.ActiveCfg = Debug|Any CPU
		{6C4D7448-27BC-498C-9E78-131255674EE1}.Debug|Any CPU.Build.0 = Debug|Any CPU
		{6C4D7448-27BC-498C-9E78-131255674EE1}.Debug|x64.ActiveCfg = Debug|Any CPU
		{6C4D7448-27BC-498C-9E78-131255674EE1}.Debug|x64.Build.0 = Debug|Any CPU
		{6C4D7448-27BC-498C-9E78-131255674EE1}.Debug|x86.ActiveCfg = Debug|Any CPU
		{6C4D7448-27BC-498C-9E78-131255674EE1}.Debug|x86.Build.0 = Debug|Any CPU
		{6C4D7448-27BC-498C-9E78-131255674EE1}.Release|Any CPU.ActiveCfg = Release|Any CPU
		{6C4D7448-27BC-498C-9E78-131255674EE1}.Release|Any CPU.Build.0 = Release|Any CPU
		{6C4D7448-27BC-498C-9E78-131255674EE1}.Release|x64.ActiveCfg = Release|Any CPU
		{6C4D7448-27BC-498C-9E78-131255674EE1}.Release|x64.Build.0 = Release|Any CPU
		{6C4D7448-27BC-498C-9E78-131255674EE1}.Release|x86.ActiveCfg = Release|Any CPU
		{6C4D7448-27BC-498C-9E78-131255674EE1}.Release|x86.Build.0 = Release|Any CPU
		{46AD6015-401C-437C-9152-A3CA068BF3FA}.Debug|Any CPU.ActiveCfg = Debug|Any CPU
		{46AD6015-401C-437C-9152-A3CA068BF3FA}.Debug|Any CPU.Build.0 = Debug|Any CPU
		{46AD6015-401C-437C-9152-A3CA068BF3FA}.Debug|x64.ActiveCfg = Debug|Any CPU
		{46AD6015-401C-437C-9152-A3CA068BF3FA}.Debug|x64.Build.0 = Debug|Any CPU
		{46AD6015-401C-437C-9152-A3CA068BF3FA}.Debug|x86.ActiveCfg = Debug|Any CPU
		{46AD6015-401C-437C-9152-A3CA068BF3FA}.Debug|x86.Build.0 = Debug|Any CPU
		{46AD6015-401C-437C-9152-A3CA068BF3FA}.Release|Any CPU.ActiveCfg = Release|Any CPU
		{46AD6015-401C-437C-9152-A3CA068BF3FA}.Release|Any CPU.Build.0 = Release|Any CPU
		{46AD6015-401C-437C-9152-A3CA068BF3FA}.Release|x64.ActiveCfg = Release|Any CPU
		{46AD6015-401C-437C-9152-A3CA068BF3FA}.Release|x64.Build.0 = Release|Any CPU
		{46AD6015-401C-437C-9152-A3CA068BF3FA}.Release|x86.ActiveCfg = Release|Any CPU
		{46AD6015-401C-437C-9152-A3CA068BF3FA}.Release|x86.Build.0 = Release|Any CPU
		{7186A2B0-833C-4A25-8A4D-8D00E1C0EA81}.Debug|Any CPU.ActiveCfg = Debug|Any CPU
		{7186A2B0-833C-4A25-8A4D-8D00E1C0EA81}.Debug|Any CPU.Build.0 = Debug|Any CPU
		{7186A2B0-833C-4A25-8A4D-8D00E1C0EA81}.Debug|x64.ActiveCfg = Debug|Any CPU
		{7186A2B0-833C-4A25-8A4D-8D00E1C0EA81}.Debug|x64.Build.0 = Debug|Any CPU
		{7186A2B0-833C-4A25-8A4D-8D00E1C0EA81}.Debug|x86.ActiveCfg = Debug|Any CPU
		{7186A2B0-833C-4A25-8A4D-8D00E1C0EA81}.Debug|x86.Build.0 = Debug|Any CPU
		{7186A2B0-833C-4A25-8A4D-8D00E1C0EA81}.Release|Any CPU.ActiveCfg = Release|Any CPU
		{7186A2B0-833C-4A25-8A4D-8D00E1C0EA81}.Release|Any CPU.Build.0 = Release|Any CPU
		{7186A2B0-833C-4A25-8A4D-8D00E1C0EA81}.Release|x64.ActiveCfg = Release|Any CPU
		{7186A2B0-833C-4A25-8A4D-8D00E1C0EA81}.Release|x64.Build.0 = Release|Any CPU
		{7186A2B0-833C-4A25-8A4D-8D00E1C0EA81}.Release|x86.ActiveCfg = Release|Any CPU
		{7186A2B0-833C-4A25-8A4D-8D00E1C0EA81}.Release|x86.Build.0 = Release|Any CPU
		{4725DFCE-3753-4853-A78D-A068424FFC3B}.Debug|Any CPU.ActiveCfg = Debug|Any CPU
		{4725DFCE-3753-4853-A78D-A068424FFC3B}.Debug|Any CPU.Build.0 = Debug|Any CPU
		{4725DFCE-3753-4853-A78D-A068424FFC3B}.Debug|x64.ActiveCfg = Debug|Any CPU
		{4725DFCE-3753-4853-A78D-A068424FFC3B}.Debug|x64.Build.0 = Debug|Any CPU
		{4725DFCE-3753-4853-A78D-A068424FFC3B}.Debug|x86.ActiveCfg = Debug|Any CPU
		{4725DFCE-3753-4853-A78D-A068424FFC3B}.Debug|x86.Build.0 = Debug|Any CPU
		{4725DFCE-3753-4853-A78D-A068424FFC3B}.Release|Any CPU.ActiveCfg = Release|Any CPU
		{4725DFCE-3753-4853-A78D-A068424FFC3B}.Release|Any CPU.Build.0 = Release|Any CPU
		{4725DFCE-3753-4853-A78D-A068424FFC3B}.Release|x64.ActiveCfg = Release|Any CPU
		{4725DFCE-3753-4853-A78D-A068424FFC3B}.Release|x64.Build.0 = Release|Any CPU
		{4725DFCE-3753-4853-A78D-A068424FFC3B}.Release|x86.ActiveCfg = Release|Any CPU
		{4725DFCE-3753-4853-A78D-A068424FFC3B}.Release|x86.Build.0 = Release|Any CPU
		{3A753484-F583-4720-A476-C850F6031B6F}.Debug|Any CPU.ActiveCfg = Debug|Any CPU
		{3A753484-F583-4720-A476-C850F6031B6F}.Debug|Any CPU.Build.0 = Debug|Any CPU
		{3A753484-F583-4720-A476-C850F6031B6F}.Debug|x64.ActiveCfg = Debug|Any CPU
		{3A753484-F583-4720-A476-C850F6031B6F}.Debug|x64.Build.0 = Debug|Any CPU
		{3A753484-F583-4720-A476-C850F6031B6F}.Debug|x86.ActiveCfg = Debug|Any CPU
		{3A753484-F583-4720-A476-C850F6031B6F}.Debug|x86.Build.0 = Debug|Any CPU
		{3A753484-F583-4720-A476-C850F6031B6F}.Release|Any CPU.ActiveCfg = Release|Any CPU
		{3A753484-F583-4720-A476-C850F6031B6F}.Release|Any CPU.Build.0 = Release|Any CPU
		{3A753484-F583-4720-A476-C850F6031B6F}.Release|x64.ActiveCfg = Release|Any CPU
		{3A753484-F583-4720-A476-C850F6031B6F}.Release|x64.Build.0 = Release|Any CPU
		{3A753484-F583-4720-A476-C850F6031B6F}.Release|x86.ActiveCfg = Release|Any CPU
		{3A753484-F583-4720-A476-C850F6031B6F}.Release|x86.Build.0 = Release|Any CPU
		{C3081016-AD01-4FDC-B871-C6CB8D8A47C6}.Debug|Any CPU.ActiveCfg = Debug|Any CPU
		{C3081016-AD01-4FDC-B871-C6CB8D8A47C6}.Debug|Any CPU.Build.0 = Debug|Any CPU
		{C3081016-AD01-4FDC-B871-C6CB8D8A47C6}.Debug|x64.ActiveCfg = Debug|Any CPU
		{C3081016-AD01-4FDC-B871-C6CB8D8A47C6}.Debug|x64.Build.0 = Debug|Any CPU
		{C3081016-AD01-4FDC-B871-C6CB8D8A47C6}.Debug|x86.ActiveCfg = Debug|Any CPU
		{C3081016-AD01-4FDC-B871-C6CB8D8A47C6}.Debug|x86.Build.0 = Debug|Any CPU
		{C3081016-AD01-4FDC-B871-C6CB8D8A47C6}.Release|Any CPU.ActiveCfg = Release|Any CPU
		{C3081016-AD01-4FDC-B871-C6CB8D8A47C6}.Release|Any CPU.Build.0 = Release|Any CPU
		{C3081016-AD01-4FDC-B871-C6CB8D8A47C6}.Release|x64.ActiveCfg = Release|Any CPU
		{C3081016-AD01-4FDC-B871-C6CB8D8A47C6}.Release|x64.Build.0 = Release|Any CPU
		{C3081016-AD01-4FDC-B871-C6CB8D8A47C6}.Release|x86.ActiveCfg = Release|Any CPU
		{C3081016-AD01-4FDC-B871-C6CB8D8A47C6}.Release|x86.Build.0 = Release|Any CPU
		{43EA176B-80C6-4C41-B794-63FBFE4A4D7F}.Debug|Any CPU.ActiveCfg = Debug|Any CPU
		{43EA176B-80C6-4C41-B794-63FBFE4A4D7F}.Debug|Any CPU.Build.0 = Debug|Any CPU
		{43EA176B-80C6-4C41-B794-63FBFE4A4D7F}.Debug|x64.ActiveCfg = Debug|Any CPU
		{43EA176B-80C6-4C41-B794-63FBFE4A4D7F}.Debug|x64.Build.0 = Debug|Any CPU
		{43EA176B-80C6-4C41-B794-63FBFE4A4D7F}.Debug|x86.ActiveCfg = Debug|Any CPU
		{43EA176B-80C6-4C41-B794-63FBFE4A4D7F}.Debug|x86.Build.0 = Debug|Any CPU
		{43EA176B-80C6-4C41-B794-63FBFE4A4D7F}.Release|Any CPU.ActiveCfg = Release|Any CPU
		{43EA176B-80C6-4C41-B794-63FBFE4A4D7F}.Release|Any CPU.Build.0 = Release|Any CPU
		{43EA176B-80C6-4C41-B794-63FBFE4A4D7F}.Release|x64.ActiveCfg = Release|Any CPU
		{43EA176B-80C6-4C41-B794-63FBFE4A4D7F}.Release|x64.Build.0 = Release|Any CPU
		{43EA176B-80C6-4C41-B794-63FBFE4A4D7F}.Release|x86.ActiveCfg = Release|Any CPU
		{43EA176B-80C6-4C41-B794-63FBFE4A4D7F}.Release|x86.Build.0 = Release|Any CPU
		{2D8A1673-3298-4D2D-AB4C-04337FA5FF29}.Debug|Any CPU.ActiveCfg = Debug|Any CPU
		{2D8A1673-3298-4D2D-AB4C-04337FA5FF29}.Debug|Any CPU.Build.0 = Debug|Any CPU
		{2D8A1673-3298-4D2D-AB4C-04337FA5FF29}.Debug|x64.ActiveCfg = Debug|Any CPU
		{2D8A1673-3298-4D2D-AB4C-04337FA5FF29}.Debug|x64.Build.0 = Debug|Any CPU
		{2D8A1673-3298-4D2D-AB4C-04337FA5FF29}.Debug|x86.ActiveCfg = Debug|Any CPU
		{2D8A1673-3298-4D2D-AB4C-04337FA5FF29}.Debug|x86.Build.0 = Debug|Any CPU
		{2D8A1673-3298-4D2D-AB4C-04337FA5FF29}.Release|Any CPU.ActiveCfg = Release|Any CPU
		{2D8A1673-3298-4D2D-AB4C-04337FA5FF29}.Release|Any CPU.Build.0 = Release|Any CPU
		{2D8A1673-3298-4D2D-AB4C-04337FA5FF29}.Release|x64.ActiveCfg = Release|Any CPU
		{2D8A1673-3298-4D2D-AB4C-04337FA5FF29}.Release|x64.Build.0 = Release|Any CPU
		{2D8A1673-3298-4D2D-AB4C-04337FA5FF29}.Release|x86.ActiveCfg = Release|Any CPU
		{2D8A1673-3298-4D2D-AB4C-04337FA5FF29}.Release|x86.Build.0 = Release|Any CPU
		{2D6B3169-8182-4A32-B2FD-C3863B87F21B}.Debug|Any CPU.ActiveCfg = Debug|Any CPU
		{2D6B3169-8182-4A32-B2FD-C3863B87F21B}.Debug|Any CPU.Build.0 = Debug|Any CPU
		{2D6B3169-8182-4A32-B2FD-C3863B87F21B}.Debug|x64.ActiveCfg = Debug|Any CPU
		{2D6B3169-8182-4A32-B2FD-C3863B87F21B}.Debug|x64.Build.0 = Debug|Any CPU
		{2D6B3169-8182-4A32-B2FD-C3863B87F21B}.Debug|x86.ActiveCfg = Debug|Any CPU
		{2D6B3169-8182-4A32-B2FD-C3863B87F21B}.Release|Any CPU.ActiveCfg = Release|Any CPU
		{2D6B3169-8182-4A32-B2FD-C3863B87F21B}.Release|Any CPU.Build.0 = Release|Any CPU
		{2D6B3169-8182-4A32-B2FD-C3863B87F21B}.Release|x64.ActiveCfg = Release|Any CPU
		{2D6B3169-8182-4A32-B2FD-C3863B87F21B}.Release|x64.Build.0 = Release|Any CPU
		{2D6B3169-8182-4A32-B2FD-C3863B87F21B}.Release|x86.ActiveCfg = Release|Any CPU
		{20C7FCE1-0363-48CF-9BB3-98C2AD6E770A}.Debug|Any CPU.ActiveCfg = Debug|x64
		{20C7FCE1-0363-48CF-9BB3-98C2AD6E770A}.Debug|Any CPU.Build.0 = Debug|x64
		{20C7FCE1-0363-48CF-9BB3-98C2AD6E770A}.Debug|x64.ActiveCfg = Debug|x64
		{20C7FCE1-0363-48CF-9BB3-98C2AD6E770A}.Debug|x64.Build.0 = Debug|x64
		{20C7FCE1-0363-48CF-9BB3-98C2AD6E770A}.Debug|x86.ActiveCfg = Debug|x64
		{20C7FCE1-0363-48CF-9BB3-98C2AD6E770A}.Debug|x86.Build.0 = Debug|x64
		{20C7FCE1-0363-48CF-9BB3-98C2AD6E770A}.Release|Any CPU.ActiveCfg = Release|x64
		{20C7FCE1-0363-48CF-9BB3-98C2AD6E770A}.Release|Any CPU.Build.0 = Release|x64
		{20C7FCE1-0363-48CF-9BB3-98C2AD6E770A}.Release|x64.ActiveCfg = Release|x64
		{20C7FCE1-0363-48CF-9BB3-98C2AD6E770A}.Release|x64.Build.0 = Release|x64
		{20C7FCE1-0363-48CF-9BB3-98C2AD6E770A}.Release|x86.ActiveCfg = Release|x64
		{20C7FCE1-0363-48CF-9BB3-98C2AD6E770A}.Release|x86.Build.0 = Release|x64
		{80943F89-848B-41FE-BF2A-9D514506AB97}.Debug|Any CPU.ActiveCfg = Debug|Any CPU
		{80943F89-848B-41FE-BF2A-9D514506AB97}.Debug|Any CPU.Build.0 = Debug|Any CPU
		{80943F89-848B-41FE-BF2A-9D514506AB97}.Debug|x64.ActiveCfg = Debug|Any CPU
		{80943F89-848B-41FE-BF2A-9D514506AB97}.Debug|x64.Build.0 = Debug|Any CPU
		{80943F89-848B-41FE-BF2A-9D514506AB97}.Debug|x86.ActiveCfg = Debug|Any CPU
		{80943F89-848B-41FE-BF2A-9D514506AB97}.Debug|x86.Build.0 = Debug|Any CPU
		{80943F89-848B-41FE-BF2A-9D514506AB97}.Release|Any CPU.ActiveCfg = Release|Any CPU
		{80943F89-848B-41FE-BF2A-9D514506AB97}.Release|Any CPU.Build.0 = Release|Any CPU
		{80943F89-848B-41FE-BF2A-9D514506AB97}.Release|x64.ActiveCfg = Release|Any CPU
		{80943F89-848B-41FE-BF2A-9D514506AB97}.Release|x64.Build.0 = Release|Any CPU
		{80943F89-848B-41FE-BF2A-9D514506AB97}.Release|x86.ActiveCfg = Release|Any CPU
		{80943F89-848B-41FE-BF2A-9D514506AB97}.Release|x86.Build.0 = Release|Any CPU
		{06D19179-E835-49E9-A2F0-6288B8942477}.Debug|Any CPU.ActiveCfg = Debug|Any CPU
		{06D19179-E835-49E9-A2F0-6288B8942477}.Debug|Any CPU.Build.0 = Debug|Any CPU
		{06D19179-E835-49E9-A2F0-6288B8942477}.Debug|x64.ActiveCfg = Debug|Any CPU
		{06D19179-E835-49E9-A2F0-6288B8942477}.Debug|x64.Build.0 = Debug|Any CPU
		{06D19179-E835-49E9-A2F0-6288B8942477}.Debug|x86.ActiveCfg = Debug|Any CPU
		{06D19179-E835-49E9-A2F0-6288B8942477}.Debug|x86.Build.0 = Debug|Any CPU
		{06D19179-E835-49E9-A2F0-6288B8942477}.Release|Any CPU.ActiveCfg = Release|Any CPU
		{06D19179-E835-49E9-A2F0-6288B8942477}.Release|Any CPU.Build.0 = Release|Any CPU
		{06D19179-E835-49E9-A2F0-6288B8942477}.Release|x64.ActiveCfg = Release|Any CPU
		{06D19179-E835-49E9-A2F0-6288B8942477}.Release|x64.Build.0 = Release|Any CPU
		{06D19179-E835-49E9-A2F0-6288B8942477}.Release|x86.ActiveCfg = Release|Any CPU
		{06D19179-E835-49E9-A2F0-6288B8942477}.Release|x86.Build.0 = Release|Any CPU
		{D4CE4A4A-30E3-455B-BB0B-2F41004513E0}.Debug|Any CPU.ActiveCfg = Debug|Any CPU
		{D4CE4A4A-30E3-455B-BB0B-2F41004513E0}.Debug|Any CPU.Build.0 = Debug|Any CPU
		{D4CE4A4A-30E3-455B-BB0B-2F41004513E0}.Debug|x64.ActiveCfg = Debug|Any CPU
		{D4CE4A4A-30E3-455B-BB0B-2F41004513E0}.Debug|x64.Build.0 = Debug|Any CPU
		{D4CE4A4A-30E3-455B-BB0B-2F41004513E0}.Debug|x86.ActiveCfg = Debug|Any CPU
		{D4CE4A4A-30E3-455B-BB0B-2F41004513E0}.Debug|x86.Build.0 = Debug|Any CPU
		{D4CE4A4A-30E3-455B-BB0B-2F41004513E0}.Release|Any CPU.ActiveCfg = Release|Any CPU
		{D4CE4A4A-30E3-455B-BB0B-2F41004513E0}.Release|Any CPU.Build.0 = Release|Any CPU
		{D4CE4A4A-30E3-455B-BB0B-2F41004513E0}.Release|x64.ActiveCfg = Release|Any CPU
		{D4CE4A4A-30E3-455B-BB0B-2F41004513E0}.Release|x64.Build.0 = Release|Any CPU
		{D4CE4A4A-30E3-455B-BB0B-2F41004513E0}.Release|x86.ActiveCfg = Release|Any CPU
		{D4CE4A4A-30E3-455B-BB0B-2F41004513E0}.Release|x86.Build.0 = Release|Any CPU
		{7BAD9800-57B3-424F-A7E2-E02C111B528D}.Debug|Any CPU.ActiveCfg = Debug|Any CPU
		{7BAD9800-57B3-424F-A7E2-E02C111B528D}.Debug|Any CPU.Build.0 = Debug|Any CPU
		{7BAD9800-57B3-424F-A7E2-E02C111B528D}.Debug|x64.ActiveCfg = Debug|Any CPU
		{7BAD9800-57B3-424F-A7E2-E02C111B528D}.Debug|x64.Build.0 = Debug|Any CPU
		{7BAD9800-57B3-424F-A7E2-E02C111B528D}.Debug|x86.ActiveCfg = Debug|Any CPU
		{7BAD9800-57B3-424F-A7E2-E02C111B528D}.Debug|x86.Build.0 = Debug|Any CPU
		{7BAD9800-57B3-424F-A7E2-E02C111B528D}.Release|Any CPU.ActiveCfg = Release|Any CPU
		{7BAD9800-57B3-424F-A7E2-E02C111B528D}.Release|Any CPU.Build.0 = Release|Any CPU
		{7BAD9800-57B3-424F-A7E2-E02C111B528D}.Release|x64.ActiveCfg = Release|Any CPU
		{7BAD9800-57B3-424F-A7E2-E02C111B528D}.Release|x64.Build.0 = Release|Any CPU
		{7BAD9800-57B3-424F-A7E2-E02C111B528D}.Release|x86.ActiveCfg = Release|Any CPU
		{7BAD9800-57B3-424F-A7E2-E02C111B528D}.Release|x86.Build.0 = Release|Any CPU
		{06C7CC36-8477-4831-878B-FE0B23AF1A55}.Debug|Any CPU.ActiveCfg = Debug|Any CPU
		{06C7CC36-8477-4831-878B-FE0B23AF1A55}.Debug|Any CPU.Build.0 = Debug|Any CPU
		{06C7CC36-8477-4831-878B-FE0B23AF1A55}.Debug|x64.ActiveCfg = Debug|Any CPU
		{06C7CC36-8477-4831-878B-FE0B23AF1A55}.Debug|x64.Build.0 = Debug|Any CPU
		{06C7CC36-8477-4831-878B-FE0B23AF1A55}.Debug|x86.ActiveCfg = Debug|Any CPU
		{06C7CC36-8477-4831-878B-FE0B23AF1A55}.Debug|x86.Build.0 = Debug|Any CPU
		{06C7CC36-8477-4831-878B-FE0B23AF1A55}.Release|Any CPU.ActiveCfg = Release|Any CPU
		{06C7CC36-8477-4831-878B-FE0B23AF1A55}.Release|Any CPU.Build.0 = Release|Any CPU
		{06C7CC36-8477-4831-878B-FE0B23AF1A55}.Release|x64.ActiveCfg = Release|Any CPU
		{06C7CC36-8477-4831-878B-FE0B23AF1A55}.Release|x64.Build.0 = Release|Any CPU
		{06C7CC36-8477-4831-878B-FE0B23AF1A55}.Release|x86.ActiveCfg = Release|Any CPU
		{06C7CC36-8477-4831-878B-FE0B23AF1A55}.Release|x86.Build.0 = Release|Any CPU
		{8013A47B-4616-4C75-8DE3-003E05ED2225}.Debug|Any CPU.ActiveCfg = Debug|Any CPU
		{8013A47B-4616-4C75-8DE3-003E05ED2225}.Debug|Any CPU.Build.0 = Debug|Any CPU
		{8013A47B-4616-4C75-8DE3-003E05ED2225}.Debug|x64.ActiveCfg = Debug|Any CPU
		{8013A47B-4616-4C75-8DE3-003E05ED2225}.Debug|x64.Build.0 = Debug|Any CPU
		{8013A47B-4616-4C75-8DE3-003E05ED2225}.Debug|x86.ActiveCfg = Debug|Any CPU
		{8013A47B-4616-4C75-8DE3-003E05ED2225}.Debug|x86.Build.0 = Debug|Any CPU
		{8013A47B-4616-4C75-8DE3-003E05ED2225}.Release|Any CPU.ActiveCfg = Release|Any CPU
		{8013A47B-4616-4C75-8DE3-003E05ED2225}.Release|Any CPU.Build.0 = Release|Any CPU
		{8013A47B-4616-4C75-8DE3-003E05ED2225}.Release|x64.ActiveCfg = Release|Any CPU
		{8013A47B-4616-4C75-8DE3-003E05ED2225}.Release|x64.Build.0 = Release|Any CPU
		{8013A47B-4616-4C75-8DE3-003E05ED2225}.Release|x86.ActiveCfg = Release|Any CPU
		{8013A47B-4616-4C75-8DE3-003E05ED2225}.Release|x86.Build.0 = Release|Any CPU
		{302182AE-7ED7-4B15-B3B6-34C69C748C8C}.Debug|Any CPU.ActiveCfg = Debug|Any CPU
		{302182AE-7ED7-4B15-B3B6-34C69C748C8C}.Debug|Any CPU.Build.0 = Debug|Any CPU
		{302182AE-7ED7-4B15-B3B6-34C69C748C8C}.Debug|x64.ActiveCfg = Debug|Any CPU
		{302182AE-7ED7-4B15-B3B6-34C69C748C8C}.Debug|x64.Build.0 = Debug|Any CPU
		{302182AE-7ED7-4B15-B3B6-34C69C748C8C}.Debug|x86.ActiveCfg = Debug|Any CPU
		{302182AE-7ED7-4B15-B3B6-34C69C748C8C}.Debug|x86.Build.0 = Debug|Any CPU
		{302182AE-7ED7-4B15-B3B6-34C69C748C8C}.Release|Any CPU.ActiveCfg = Release|Any CPU
		{302182AE-7ED7-4B15-B3B6-34C69C748C8C}.Release|Any CPU.Build.0 = Release|Any CPU
		{302182AE-7ED7-4B15-B3B6-34C69C748C8C}.Release|x64.ActiveCfg = Release|Any CPU
		{302182AE-7ED7-4B15-B3B6-34C69C748C8C}.Release|x64.Build.0 = Release|Any CPU
		{302182AE-7ED7-4B15-B3B6-34C69C748C8C}.Release|x86.ActiveCfg = Release|Any CPU
		{302182AE-7ED7-4B15-B3B6-34C69C748C8C}.Release|x86.Build.0 = Release|Any CPU
		{1CB99B92-DBB2-4950-B90F-324EA29DF9F6}.Debug|Any CPU.ActiveCfg = Debug|Any CPU
		{1CB99B92-DBB2-4950-B90F-324EA29DF9F6}.Debug|Any CPU.Build.0 = Debug|Any CPU
		{1CB99B92-DBB2-4950-B90F-324EA29DF9F6}.Debug|x64.ActiveCfg = Debug|Any CPU
		{1CB99B92-DBB2-4950-B90F-324EA29DF9F6}.Debug|x64.Build.0 = Debug|Any CPU
		{1CB99B92-DBB2-4950-B90F-324EA29DF9F6}.Debug|x86.ActiveCfg = Debug|Any CPU
		{1CB99B92-DBB2-4950-B90F-324EA29DF9F6}.Debug|x86.Build.0 = Debug|Any CPU
		{1CB99B92-DBB2-4950-B90F-324EA29DF9F6}.Release|Any CPU.ActiveCfg = Release|Any CPU
		{1CB99B92-DBB2-4950-B90F-324EA29DF9F6}.Release|Any CPU.Build.0 = Release|Any CPU
		{1CB99B92-DBB2-4950-B90F-324EA29DF9F6}.Release|x64.ActiveCfg = Release|Any CPU
		{1CB99B92-DBB2-4950-B90F-324EA29DF9F6}.Release|x64.Build.0 = Release|Any CPU
		{1CB99B92-DBB2-4950-B90F-324EA29DF9F6}.Release|x86.ActiveCfg = Release|Any CPU
		{1CB99B92-DBB2-4950-B90F-324EA29DF9F6}.Release|x86.Build.0 = Release|Any CPU
		{5E831B11-66BA-4479-905D-B0E695951A5A}.Debug|Any CPU.ActiveCfg = Debug|Any CPU
		{5E831B11-66BA-4479-905D-B0E695951A5A}.Debug|Any CPU.Build.0 = Debug|Any CPU
		{5E831B11-66BA-4479-905D-B0E695951A5A}.Debug|x64.ActiveCfg = Debug|Any CPU
		{5E831B11-66BA-4479-905D-B0E695951A5A}.Debug|x64.Build.0 = Debug|Any CPU
		{5E831B11-66BA-4479-905D-B0E695951A5A}.Debug|x86.ActiveCfg = Debug|Any CPU
		{5E831B11-66BA-4479-905D-B0E695951A5A}.Debug|x86.Build.0 = Debug|Any CPU
		{5E831B11-66BA-4479-905D-B0E695951A5A}.Release|Any CPU.ActiveCfg = Release|Any CPU
		{5E831B11-66BA-4479-905D-B0E695951A5A}.Release|Any CPU.Build.0 = Release|Any CPU
		{5E831B11-66BA-4479-905D-B0E695951A5A}.Release|x64.ActiveCfg = Release|Any CPU
		{5E831B11-66BA-4479-905D-B0E695951A5A}.Release|x64.Build.0 = Release|Any CPU
		{5E831B11-66BA-4479-905D-B0E695951A5A}.Release|x86.ActiveCfg = Release|Any CPU
		{5E831B11-66BA-4479-905D-B0E695951A5A}.Release|x86.Build.0 = Release|Any CPU
		{4641D099-C87D-4B5D-8B50-E5C074E619D0}.Debug|Any CPU.ActiveCfg = Debug|x64
		{4641D099-C87D-4B5D-8B50-E5C074E619D0}.Debug|Any CPU.Build.0 = Debug|x64
		{4641D099-C87D-4B5D-8B50-E5C074E619D0}.Debug|x64.ActiveCfg = Debug|x64
		{4641D099-C87D-4B5D-8B50-E5C074E619D0}.Debug|x64.Build.0 = Debug|x64
		{4641D099-C87D-4B5D-8B50-E5C074E619D0}.Debug|x86.ActiveCfg = Debug|x86
		{4641D099-C87D-4B5D-8B50-E5C074E619D0}.Debug|x86.Build.0 = Debug|x86
		{4641D099-C87D-4B5D-8B50-E5C074E619D0}.Release|Any CPU.ActiveCfg = Release|x64
		{4641D099-C87D-4B5D-8B50-E5C074E619D0}.Release|Any CPU.Build.0 = Release|x64
		{4641D099-C87D-4B5D-8B50-E5C074E619D0}.Release|x64.ActiveCfg = Release|x64
		{4641D099-C87D-4B5D-8B50-E5C074E619D0}.Release|x64.Build.0 = Release|x64
		{4641D099-C87D-4B5D-8B50-E5C074E619D0}.Release|x86.ActiveCfg = Release|x86
		{4641D099-C87D-4B5D-8B50-E5C074E619D0}.Release|x86.Build.0 = Release|x86
	EndGlobalSection
	GlobalSection(SolutionProperties) = preSolution
		HideSolutionNode = FALSE
	EndGlobalSection
	GlobalSection(NestedProjects) = preSolution
		{78904599-930B-4417-BE91-757BB003CCBE} = {2B200980-1A3B-481B-B754-8534E51BD411}
		{9011BEEE-FF23-47CF-96CB-0DED331983F8} = {2B200980-1A3B-481B-B754-8534E51BD411}
		{7C456B35-1BF2-4DCE-8BBD-DEB085C6BCBF} = {2B200980-1A3B-481B-B754-8534E51BD411}
		{DC506F89-6F5D-47D0-8D81-59BB9A5F578C} = {2B200980-1A3B-481B-B754-8534E51BD411}
		{29E5EFAA-C062-4B05-81D1-5433046CE3AE} = {8A35429A-C458-4B63-82B9-91482CDE4B65}
		{A25443E4-6316-4263-839D-8815807260A4} = {8A35429A-C458-4B63-82B9-91482CDE4B65}
		{8DEB9032-423F-44D6-867A-A7A1E7B60349} = {8A35429A-C458-4B63-82B9-91482CDE4B65}
		{0005359D-2164-4E88-94E4-F596135136FA} = {8A35429A-C458-4B63-82B9-91482CDE4B65}
		{6862E1DA-90E4-4B78-8AD7-85EFE48AD3B4} = {8A35429A-C458-4B63-82B9-91482CDE4B65}
		{D907905D-9028-4AF4-B462-D94815342FB1} = {8A35429A-C458-4B63-82B9-91482CDE4B65}
		{CD503CE8-A568-4F08-9572-D94FBF38AE63} = {29E5EFAA-C062-4B05-81D1-5433046CE3AE}
		{ABB12872-73CC-4436-AA5A-9E271433DED4} = {29E5EFAA-C062-4B05-81D1-5433046CE3AE}
		{AEA9CA30-AFC1-4C42-8A0A-9418981CF504} = {6862E1DA-90E4-4B78-8AD7-85EFE48AD3B4}
		{874734BC-2F23-4346-866B-D5BDC58D01E3} = {6862E1DA-90E4-4B78-8AD7-85EFE48AD3B4}
		{537D02B2-F244-4EEF-BB40-AEAB47AC79EE} = {6862E1DA-90E4-4B78-8AD7-85EFE48AD3B4}
		{E395DF3A-E587-4910-A36C-CF47DAC69CE4} = {8A35429A-C458-4B63-82B9-91482CDE4B65}
		{8568DACC-AD24-4FF6-A6AD-413CFA44D169} = {E395DF3A-E587-4910-A36C-CF47DAC69CE4}
		{6C4D7448-27BC-498C-9E78-131255674EE1} = {E395DF3A-E587-4910-A36C-CF47DAC69CE4}
		{46AD6015-401C-437C-9152-A3CA068BF3FA} = {8DEB9032-423F-44D6-867A-A7A1E7B60349}
		{7186A2B0-833C-4A25-8A4D-8D00E1C0EA81} = {8DEB9032-423F-44D6-867A-A7A1E7B60349}
		{4725DFCE-3753-4853-A78D-A068424FFC3B} = {8DEB9032-423F-44D6-867A-A7A1E7B60349}
		{3A753484-F583-4720-A476-C850F6031B6F} = {8DEB9032-423F-44D6-867A-A7A1E7B60349}
		{C3081016-AD01-4FDC-B871-C6CB8D8A47C6} = {0005359D-2164-4E88-94E4-F596135136FA}
		{43EA176B-80C6-4C41-B794-63FBFE4A4D7F} = {0005359D-2164-4E88-94E4-F596135136FA}
		{2D8A1673-3298-4D2D-AB4C-04337FA5FF29} = {D907905D-9028-4AF4-B462-D94815342FB1}
		{2D6B3169-8182-4A32-B2FD-C3863B87F21B} = {D907905D-9028-4AF4-B462-D94815342FB1}
		{20C7FCE1-0363-48CF-9BB3-98C2AD6E770A} = {A25443E4-6316-4263-839D-8815807260A4}
		{80943F89-848B-41FE-BF2A-9D514506AB97} = {A25443E4-6316-4263-839D-8815807260A4}
		{06D19179-E835-49E9-A2F0-6288B8942477} = {A25443E4-6316-4263-839D-8815807260A4}
		{08DC7182-6615-45C2-BD97-6C5FB9BAF152} = {4406BF2F-E1DB-4635-9B21-408AD3D13F4F}
		{19D1B153-AF5C-43D7-882E-C804417D2999} = {4406BF2F-E1DB-4635-9B21-408AD3D13F4F}
		{06032802-C464-46DF-BF41-69D55A8441F0} = {4406BF2F-E1DB-4635-9B21-408AD3D13F4F}
		{A92212F7-57EF-4934-B7C9-7EDD205DE70E} = {4406BF2F-E1DB-4635-9B21-408AD3D13F4F}
		{D4CE4A4A-30E3-455B-BB0B-2F41004513E0} = {19D1B153-AF5C-43D7-882E-C804417D2999}
		{7BAD9800-57B3-424F-A7E2-E02C111B528D} = {19D1B153-AF5C-43D7-882E-C804417D2999}
		{06C7CC36-8477-4831-878B-FE0B23AF1A55} = {08DC7182-6615-45C2-BD97-6C5FB9BAF152}
		{8013A47B-4616-4C75-8DE3-003E05ED2225} = {08DC7182-6615-45C2-BD97-6C5FB9BAF152}
		{302182AE-7ED7-4B15-B3B6-34C69C748C8C} = {A92212F7-57EF-4934-B7C9-7EDD205DE70E}
		{1CB99B92-DBB2-4950-B90F-324EA29DF9F6} = {A92212F7-57EF-4934-B7C9-7EDD205DE70E}
		{5E831B11-66BA-4479-905D-B0E695951A5A} = {06032802-C464-46DF-BF41-69D55A8441F0}
		{4641D099-C87D-4B5D-8B50-E5C074E619D0} = {C61611CA-C559-4C95-BD10-9D2A6777CD80}
	EndGlobalSection
EndGlobal
