
Microsoft Visual Studio Solution File, Format Version 12.00
# Visual Studio 14
VisualStudioVersion = 14.0.25420.1
MinimumVisualStudioVersion = 10.0.40219.1
Project("{FAE04EC0-301F-11D3-BF4B-00C04F79EFBC}") = "DsmSuite.Analyzer.Util", "DsmSuite.Analyzer.Util\DsmSuite.Analyzer.Util.csproj", "{B73FDFFB-08D3-4573-A682-825C1A79FC54}"
EndProject
Project("{FAE04EC0-301F-11D3-BF4B-00C04F79EFBC}") = "DsmSuite.Analyzer.DotNet", "DsmSuite.Analyzer.DotNet\DsmSuite.Analyzer.DotNet.csproj", "{8FEA0BB6-A14F-494C-B21B-8A44AB8CFF47}"
EndProject
Project("{FAE04EC0-301F-11D3-BF4B-00C04F79EFBC}") = "DsmSuite.Analyzer.Cpp", "DsmSuite.Analyzer.Cpp\DsmSuite.Analyzer.Cpp.csproj", "{EA1CD197-FA51-4D2F-A9CF-EE3FA2D8C9E6}"
EndProject
Project("{FAE04EC0-301F-11D3-BF4B-00C04F79EFBC}") = "DsmSuite.Analyzer.VisualStudio", "DsmSuite.Analyzer.VisualStudio\DsmSuite.Analyzer.VisualStudio.csproj", "{41A1F306-50FD-431B-9310-7DDFCD3B0E8C}"
	ProjectSection(ProjectDependencies) = postProject
		{7106D2F0-804E-4F73-950C-266FFC096A87} = {7106D2F0-804E-4F73-950C-266FFC096A87}
	EndProjectSection
EndProject
Project("{2150E333-8FDC-42A3-9474-1A3956D46DE8}") = "Common", "Common", "{7C72B195-41E4-4179-84C2-FDE2EE7B5934}"
EndProject
Project("{FAE04EC0-301F-11D3-BF4B-00C04F79EFBC}") = "DsmSuite.Analyzer.Util.Test", "DsmSuite.Analyzer.Util.Test\DsmSuite.Analyzer.Util.Test.csproj", "{8D8C3B32-B144-4104-BC0A-18794BC4279C}"
EndProject
Project("{FAE04EC0-301F-11D3-BF4B-00C04F79EFBC}") = "DsmSuite.Analyzer.Model", "DsmSuite.Analyzer.Model\DsmSuite.Analyzer.Model.csproj", "{7106D2F0-804E-4F73-950C-266FFC096A87}"
EndProject
Project("{FAE04EC0-301F-11D3-BF4B-00C04F79EFBC}") = "DsmSuite.Analyzer.Model.Test", "DsmSuite.Analyzer.Model.Test\DsmSuite.Analyzer.Model.Test.csproj", "{C123D876-A195-4220-B3F1-3C3E85720D3F}"
EndProject
Project("{FAE04EC0-301F-11D3-BF4B-00C04F79EFBC}") = "DsmSuite.Analyzer.Uml", "DsmSuite.Analyzer.Uml\DsmSuite.Analyzer.Uml.csproj", "{20C7D1B2-F006-431A-99CD-AF4BB3A2DD69}"
EndProject
Project("{FAE04EC0-301F-11D3-BF4B-00C04F79EFBC}") = "DsmSuite.Analyzer.Jdeps", "DsmSuite.Analyzer.Jdeps\DsmSuite.Analyzer.Jdeps.csproj", "{04FC583C-392D-47C4-B557-535B01016210}"
EndProject
Project("{2150E333-8FDC-42A3-9474-1A3956D46DE8}") = "JdepsAnalyzer", "JdepsAnalyzer", "{9688F299-AC1D-482C-8116-69CF6849D6B6}"
EndProject
Project("{2150E333-8FDC-42A3-9474-1A3956D46DE8}") = "DotNetAnalyzer", "DotNetAnalyzer", "{3C5EA8D2-047D-4492-A5BB-FF468210CF87}"
EndProject
Project("{2150E333-8FDC-42A3-9474-1A3956D46DE8}") = "CppAnalyzer", "CppAnalyzer", "{E83E9704-05FB-473C-A5E4-EE8D1969CB29}"
EndProject
Project("{2150E333-8FDC-42A3-9474-1A3956D46DE8}") = "VisualStudioAnalyzer", "VisualStudioAnalyzer", "{F1175435-0F79-442B-9DE7-0C6801A82E5A}"
EndProject
Project("{2150E333-8FDC-42A3-9474-1A3956D46DE8}") = "UmlAnalyzer", "UmlAnalyzer", "{1DB0D1BE-5B13-4518-812A-24E66CBD11A6}"
EndProject
Project("{FAE04EC0-301F-11D3-BF4B-00C04F79EFBC}") = "DsmSuite.Analyzer.Cpp.Test", "DsmSuite.Analyzer.Cpp.Test\DsmSuite.Analyzer.Cpp.Test.csproj", "{98AEC6FA-897E-4A47-B480-47BB410ABFAC}"
EndProject
Project("{FAE04EC0-301F-11D3-BF4B-00C04F79EFBC}") = "DsmSuite.Analyzer.DotNet.Test", "DsmSuite.Analyzer.DotNet.Test\DsmSuite.Analyzer.DotNet.Test.csproj", "{07280D48-1239-4EB1-9B28-C358E8944A8E}"
EndProject
Project("{FAE04EC0-301F-11D3-BF4B-00C04F79EFBC}") = "DsmSuite.Analyzer.Jdeps.Test", "DsmSuite.Analyzer.Jdeps.Test\DsmSuite.Analyzer.Jdeps.Test.csproj", "{C792DC03-4697-4402-9FB9-D1872BDF736D}"
EndProject
Project("{FAE04EC0-301F-11D3-BF4B-00C04F79EFBC}") = "DsmSuite.Analyzer.Uml.Test", "DsmSuite.Analyzer.Uml.Test\DsmSuite.Analyzer.Uml.Test.csproj", "{CB36149D-AC9B-4987-9AA0-A9030ECD2596}"
EndProject
Project("{FAE04EC0-301F-11D3-BF4B-00C04F79EFBC}") = "DsmSuite.Analyzer.VisualStudio.Test", "DsmSuite.Analyzer.VisualStudio.Test\DsmSuite.Analyzer.VisualStudio.Test.csproj", "{FF42926F-C436-4045-B125-104ED83A8CF9}"
	ProjectSection(ProjectDependencies) = postProject
		{D485327F-A1F8-4E13-8ACB-36DEE706C9F2} = {D485327F-A1F8-4E13-8ACB-36DEE706C9F2}
	EndProjectSection
EndProject
Project("{2150E333-8FDC-42A3-9474-1A3956D46DE8}") = "Transformer", "Transformer", "{E6F477ED-BA20-4E27-BFF7-DB546F92103C}"
EndProject
Project("{FAE04EC0-301F-11D3-BF4B-00C04F79EFBC}") = "DsmSuite.Transformer", "DsmSuite.Transformer\DsmSuite.Transformer.csproj", "{839EF27A-3261-473F-BA78-DE18DFA9B7AE}"
EndProject
Project("{FAE04EC0-301F-11D3-BF4B-00C04F79EFBC}") = "DsmSuite.Transformer.Test", "DsmSuite.Transformer.Test\DsmSuite.Transformer.Test.csproj", "{8BABA3A9-0BF8-4E2B-8C7B-B2C5A94707A2}"
EndProject
Project("{8BC9CEB8-8B4A-11D0-8D11-00A0C91BC942}") = "DsmSuite.Analyzer.VisualStudio.Test.Data.Cpp", "DsmSuite.Analyzer.VisualStudio.Test.Data.Cpp\DsmSuite.Analyzer.VisualStudio.Test.Data.Cpp.vcxproj", "{D485327F-A1F8-4E13-8ACB-36DEE706C9F2}"
EndProject
Project("{2150E333-8FDC-42A3-9474-1A3956D46DE8}") = "Analyzers", "Analyzers", "{253991D0-5167-48FC-A767-5537AB5C18DE}"
EndProject
Project("{FAE04EC0-301F-11D3-BF4B-00C04F79EFBC}") = "DsmSuite.Analyzer.DotNet.Test.Data", "DsmSuite.Analyzer.DotNet.Test.Data\DsmSuite.Analyzer.DotNet.Test.Data.csproj", "{0CDFA464-A451-4FDC-A58F-6E5D924B49E9}"
EndProject
Project("{8BC9CEB8-8B4A-11D0-8D11-00A0C91BC942}") = "DsmSuite.Analyzer.Cpp.Test.Data", "DsmSuite.Analyzer.Cpp.Test.Data\DsmSuite.Analyzer.Cpp.Test.Data.vcxproj", "{20C7FCE1-0363-48CF-9BB3-98C2AD6E770A}"
EndProject
Project("{2150E333-8FDC-42A3-9474-1A3956D46DE8}") = "Viewer", "Viewer", "{2BC25D73-D38B-4B7C-841B-5B54B8716EAA}"
EndProject
Project("{2150E333-8FDC-42A3-9474-1A3956D46DE8}") = "View", "View", "{8CEDCC29-73AA-45DB-A351-929B1F2903F0}"
EndProject
Project("{2150E333-8FDC-42A3-9474-1A3956D46DE8}") = "Builder", "Builder", "{D4430739-03B9-49D4-AFC6-FDB985533633}"
EndProject
Project("{2150E333-8FDC-42A3-9474-1A3956D46DE8}") = "ViewModel", "ViewModel", "{13B1869B-1D0E-4398-9C66-D41F0BC7DEF0}"
EndProject
Project("{2150E333-8FDC-42A3-9474-1A3956D46DE8}") = "Application", "Application", "{691DAC55-DFC6-48BA-8E5F-F19266316F08}"
EndProject
Project("{2150E333-8FDC-42A3-9474-1A3956D46DE8}") = "Model", "Model", "{F193BB64-603D-4A3F-8BC0-2B8FE218F280}"
EndProject
Project("{FAE04EC0-301F-11D3-BF4B-00C04F79EFBC}") = "DsmSuite.DsmViewer.Application", "DsmSuite.DsmViewer.Application\DsmSuite.DsmViewer.Application.csproj", "{F864BD74-A7E3-4349-BE07-F0725A2EA589}"
EndProject
Project("{FAE04EC0-301F-11D3-BF4B-00C04F79EFBC}") = "DsmSuite.DsmViewer.Application.Test", "DsmSuite.DsmViewer.Application.Test\DsmSuite.DsmViewer.Application.Test.csproj", "{45B1889F-B934-4C5C-8AC4-35B28F7CF37E}"
EndProject
Project("{FAE04EC0-301F-11D3-BF4B-00C04F79EFBC}") = "DsmSuite.DsmViewer.Builder", "DsmSuite.DsmViewer.Builder\DsmSuite.DsmViewer.Builder.csproj", "{02E53D79-D1F8-4D2F-8568-15A8585B42F9}"
EndProject
Project("{FAE04EC0-301F-11D3-BF4B-00C04F79EFBC}") = "DsmSuite.DsmViewer.Builder.Test", "DsmSuite.DsmViewer.Builder.Test\DsmSuite.DsmViewer.Builder.Test.csproj", "{CDE9C6CA-F015-46DF-8175-4B283ABA5960}"
EndProject
Project("{FAE04EC0-301F-11D3-BF4B-00C04F79EFBC}") = "DsmSuite.DsmViewer.Model", "DsmSuite.DsmViewer.Model\DsmSuite.DsmViewer.Model.csproj", "{AE2405C6-54CA-43B1-BCF0-36B7010C0F0E}"
EndProject
Project("{FAE04EC0-301F-11D3-BF4B-00C04F79EFBC}") = "DsmSuite.DsmViewer.Model.Test", "DsmSuite.DsmViewer.Model.Test\DsmSuite.DsmViewer.Model.Test.csproj", "{32E0E5F6-3AA7-4E8B-8239-EB613C33CCC4}"
EndProject
Project("{FAE04EC0-301F-11D3-BF4B-00C04F79EFBC}") = "DsmSuite.DsmViewer.View", "DsmSuite.DsmViewer.View\DsmSuite.DsmViewer.View.csproj", "{DBF6C849-8506-444C-BE20-ECA87CA4A35C}"
EndProject
Project("{FAE04EC0-301F-11D3-BF4B-00C04F79EFBC}") = "DsmSuite.DsmViewer.ViewModel", "DsmSuite.DsmViewer.ViewModel\DsmSuite.DsmViewer.ViewModel.csproj", "{0B3FD709-0509-42FB-9852-F0221283255E}"
EndProject
Project("{FAE04EC0-301F-11D3-BF4B-00C04F79EFBC}") = "DsmSuite.DsmViewer.ViewModel.Test", "DsmSuite.DsmViewer.ViewModel.Test\DsmSuite.DsmViewer.ViewModel.Test.csproj", "{7C213A5A-81E9-4C10-A3C4-80830D0954D4}"
EndProject
Project("{2150E333-8FDC-42A3-9474-1A3956D46DE8}") = "Installer", "Installer", "{002578BA-17A9-4DF2-85E7-B354F346940B}"
EndProject
Project("{930C7802-8A8C-48F9-8165-68863BCCD9DD}") = "DsmSuite.Installer", "DsmSuite.Installer\DsmSuite.Installer.wixproj", "{4641D099-C87D-4B5D-8B50-E5C074E619D0}"
	ProjectSection(ProjectDependencies) = postProject
		{C792DC03-4697-4402-9FB9-D1872BDF736D} = {C792DC03-4697-4402-9FB9-D1872BDF736D}
		{41A1F306-50FD-431B-9310-7DDFCD3B0E8C} = {41A1F306-50FD-431B-9310-7DDFCD3B0E8C}
		{0B3FD709-0509-42FB-9852-F0221283255E} = {0B3FD709-0509-42FB-9852-F0221283255E}
		{8D8C3B32-B144-4104-BC0A-18794BC4279C} = {8D8C3B32-B144-4104-BC0A-18794BC4279C}
		{1DCCE734-2B1F-4EEA-9A88-85BCFE06A1DF} = {1DCCE734-2B1F-4EEA-9A88-85BCFE06A1DF}
		{04FC583C-392D-47C4-B557-535B01016210} = {04FC583C-392D-47C4-B557-535B01016210}
		{C2EB943F-4BB8-47BB-BDC1-7F6B607FB977} = {C2EB943F-4BB8-47BB-BDC1-7F6B607FB977}
		{07280D48-1239-4EB1-9B28-C358E8944A8E} = {07280D48-1239-4EB1-9B28-C358E8944A8E}
		{DBF6C849-8506-444C-BE20-ECA87CA4A35C} = {DBF6C849-8506-444C-BE20-ECA87CA4A35C}
		{2C697652-F1AA-4335-8973-C5588840B8A6} = {2C697652-F1AA-4335-8973-C5588840B8A6}
		{7C213A5A-81E9-4C10-A3C4-80830D0954D4} = {7C213A5A-81E9-4C10-A3C4-80830D0954D4}
		{0CDFA464-A451-4FDC-A58F-6E5D924B49E9} = {0CDFA464-A451-4FDC-A58F-6E5D924B49E9}
		{FF42926F-C436-4045-B125-104ED83A8CF9} = {FF42926F-C436-4045-B125-104ED83A8CF9}
		{F864BD74-A7E3-4349-BE07-F0725A2EA589} = {F864BD74-A7E3-4349-BE07-F0725A2EA589}
		{C123D876-A195-4220-B3F1-3C3E85720D3F} = {C123D876-A195-4220-B3F1-3C3E85720D3F}
		{02E53D79-D1F8-4D2F-8568-15A8585B42F9} = {02E53D79-D1F8-4D2F-8568-15A8585B42F9}
		{839EF27A-3261-473F-BA78-DE18DFA9B7AE} = {839EF27A-3261-473F-BA78-DE18DFA9B7AE}
		{D485327F-A1F8-4E13-8ACB-36DEE706C9F2} = {D485327F-A1F8-4E13-8ACB-36DEE706C9F2}
		{EA1CD197-FA51-4D2F-A9CF-EE3FA2D8C9E6} = {EA1CD197-FA51-4D2F-A9CF-EE3FA2D8C9E6}
		{CB36149D-AC9B-4987-9AA0-A9030ECD2596} = {CB36149D-AC9B-4987-9AA0-A9030ECD2596}
		{4365759E-FAF8-4E3D-A000-2E291BDAB23A} = {4365759E-FAF8-4E3D-A000-2E291BDAB23A}
		{45B1889F-B934-4C5C-8AC4-35B28F7CF37E} = {45B1889F-B934-4C5C-8AC4-35B28F7CF37E}
		{6E26EAA0-D0D6-41AB-9AED-61542F7EDFC5} = {6E26EAA0-D0D6-41AB-9AED-61542F7EDFC5}
		{8BABA3A9-0BF8-4E2B-8C7B-B2C5A94707A2} = {8BABA3A9-0BF8-4E2B-8C7B-B2C5A94707A2}
		{20C7D1B2-F006-431A-99CD-AF4BB3A2DD69} = {20C7D1B2-F006-431A-99CD-AF4BB3A2DD69}
		{8FEA0BB6-A14F-494C-B21B-8A44AB8CFF47} = {8FEA0BB6-A14F-494C-B21B-8A44AB8CFF47}
		{AE2405C6-54CA-43B1-BCF0-36B7010C0F0E} = {AE2405C6-54CA-43B1-BCF0-36B7010C0F0E}
		{CDE9C6CA-F015-46DF-8175-4B283ABA5960} = {CDE9C6CA-F015-46DF-8175-4B283ABA5960}
		{20C7FCE1-0363-48CF-9BB3-98C2AD6E770A} = {20C7FCE1-0363-48CF-9BB3-98C2AD6E770A}
		{7106D2F0-804E-4F73-950C-266FFC096A87} = {7106D2F0-804E-4F73-950C-266FFC096A87}
		{32E0E5F6-3AA7-4E8B-8239-EB613C33CCC4} = {32E0E5F6-3AA7-4E8B-8239-EB613C33CCC4}
		{98AEC6FA-897E-4A47-B480-47BB410ABFAC} = {98AEC6FA-897E-4A47-B480-47BB410ABFAC}
		{B73FDFFB-08D3-4573-A682-825C1A79FC54} = {B73FDFFB-08D3-4573-A682-825C1A79FC54}
	EndProjectSection
EndProject
Project("{2150E333-8FDC-42A3-9474-1A3956D46DE8}") = "Model", "Model", "{BA392E57-9DFC-44F8-B891-A0802A88D22B}"
EndProject
Project("{2150E333-8FDC-42A3-9474-1A3956D46DE8}") = "Common", "Common", "{B65914AE-2560-4A02-9C56-8D03D82B64FA}"
EndProject
Project("{FAE04EC0-301F-11D3-BF4B-00C04F79EFBC}") = "DsmSuite.Common.Util.Test", "DsmSuite.Common.Util.Test\DsmSuite.Common.Util.Test.csproj", "{2C697652-F1AA-4335-8973-C5588840B8A6}"
EndProject
Project("{FAE04EC0-301F-11D3-BF4B-00C04F79EFBC}") = "DsmSuite.Common.Util", "DsmSuite.Common.Util\DsmSuite.Common.Util.csproj", "{C2EB943F-4BB8-47BB-BDC1-7F6B607FB977}"
EndProject
Project("{2150E333-8FDC-42A3-9474-1A3956D46DE8}") = "AcceptanceTests", "AcceptanceTests", "{96FC2658-2782-4F0B-BAD0-AB693883E0DE}"
EndProject
Project("{FAE04EC0-301F-11D3-BF4B-00C04F79EFBC}") = "DsmSuite.AcceptanceTests", "DsmSuite.AcceptanceTests\DsmSuite.AcceptanceTests.csproj", "{4365759E-FAF8-4E3D-A000-2E291BDAB23A}"
EndProject
Project("{2150E333-8FDC-42A3-9474-1A3956D46DE8}") = "Solution Items", "Solution Items", "{7656A058-A888-4638-9FF0-CFCB56D1323A}"
	ProjectSection(SolutionItems) = preProject
		test.runsettings = test.runsettings
	EndProjectSection
EndProject
Project("{FAE04EC0-301F-11D3-BF4B-00C04F79EFBC}") = "DsmSuite.Common.Model", "DsmSuite.Common.Model\DsmSuite.Common.Model.csproj", "{6E26EAA0-D0D6-41AB-9AED-61542F7EDFC5}"
EndProject
Project("{FAE04EC0-301F-11D3-BF4B-00C04F79EFBC}") = "DsmSuite.Common.Model.Test", "DsmSuite.Common.Model.Test\DsmSuite.Common.Model.Test.csproj", "{1DCCE734-2B1F-4EEA-9A88-85BCFE06A1DF}"
EndProject
Project("{FAE04EC0-301F-11D3-BF4B-00C04F79EFBC}") = "DsmSuite.DsmViewer.GraphMLBuilder", "DsmSuite.DsmViewer.GraphMLBuilder\DsmSuite.DsmViewer.GraphMLBuilder.csproj", "{F5296F76-D3BF-4017-9508-30AAE75DEAB1}"
EndProject
Project("{FAE04EC0-301F-11D3-BF4B-00C04F79EFBC}") = "DsmSuite.DsmViewer.GexfBuilder", "DsmSuite.DsmViewer.GexfBuilder\DsmSuite.DsmViewer.GexfBuilder.csproj", "{D0F84E3D-A707-4F90-9487-0666C69E0E50}"
EndProject
Project("{FAE04EC0-301F-11D3-BF4B-00C04F79EFBC}") = "DsmSuite.DsmViewer.GexfBuilder.Test", "DsmSuite.DsmViewer.GexfBuilder.Test\DsmSuite.DsmViewer.GexfBuilder.Test.csproj", "{3C196911-29C0-4EE3-BF7B-0A0CBD596564}"
EndProject
Project("{FAE04EC0-301F-11D3-BF4B-00C04F79EFBC}") = "DsmSuite.DsmViewer.GraphMLBuilder.Test", "DsmSuite.DsmViewer.GraphMLBuilder.Test\DsmSuite.DsmViewer.GraphMLBuilder.Test.csproj", "{AAB2E02C-CD62-4643-B183-3FC80F33519C}"
EndProject
Project("{FAE04EC0-301F-11D3-BF4B-00C04F79EFBC}") = "DsmSuite.Common.GraphML", "DsmSuite.Common.GraphML\DsmSuite.Common.GraphML.csproj", "{1BD945A2-889A-4009-B138-0447118AB0AD}"
EndProject
Project("{FAE04EC0-301F-11D3-BF4B-00C04F79EFBC}") = "DsmSuite.Common.Gexf", "DsmSuite.Common.Gexf\DsmSuite.Common.Gexf.csproj", "{6095A473-4B7E-4E13-A958-B2146C641656}"
EndProject
Project("{FAE04EC0-301F-11D3-BF4B-00C04F79EFBC}") = "DsmSuite.Common.Gexf.Test", "DsmSuite.Common.Gexf.Test\DsmSuite.Common.Gexf.Test.csproj", "{F041C236-AC64-4014-8CFA-9589DC4F4674}"
EndProject
Project("{FAE04EC0-301F-11D3-BF4B-00C04F79EFBC}") = "DsmSuite.Common.GraphML.Test", "DsmSuite.Common.GraphML.Test\DsmSuite.Common.GraphML.Test.csproj", "{3B76E814-8D6A-4ADF-99D8-2D1DF3316593}"
EndProject
Project("{2150E333-8FDC-42A3-9474-1A3956D46DE8}") = "Builders", "Builders", "{CCF0A136-5FB5-4B19-85CE-3FEBCE42272C}"
EndProject
Project("{8BC9CEB8-8B4A-11D0-8D11-00A0C91BC942}") = "DsmSuite.Analyzer.VisualStudio.Test.Data.Clr", "DsmSuite.Analyzer.VisualStudio.Test.Data.Clr\DsmSuite.Analyzer.VisualStudio.Test.Data.Clr.vcxproj", "{E243C14E-DF57-4A98-9690-2A539E1F4C41}"
EndProject
Project("{8BC9CEB8-8B4A-11D0-8D11-00A0C91BC942}") = "DsmSuite.Analyzer.VisualStudio.Test.Data.Com", "DsmSuite.Analyzer.VisualStudio.Test.Data.Com\DsmSuite.Analyzer.VisualStudio.Test.Data.Com.vcxproj", "{4A7443BC-BB2C-49B3-9D95-1FB7662F8CFE}"
EndProject
Project("{FAE04EC0-301F-11D3-BF4B-00C04F79EFBC}") = "DsmSuite.Analyzer.VisualStudio.Test.Data.DotNet", "DsmSuite.Analyzer.VisualStudio.Test.Data.DotNet\DsmSuite.Analyzer.VisualStudio.Test.Data.DotNet.csproj", "{9768B690-0C6E-4F59-8987-EBBD4780DDE6}"
	ProjectSection(ProjectDependencies) = postProject
		{4A7443BC-BB2C-49B3-9D95-1FB7662F8CFE} = {4A7443BC-BB2C-49B3-9D95-1FB7662F8CFE}
	EndProjectSection
EndProject
Project("{FAE04EC0-301F-11D3-BF4B-00C04F79EFBC}") = "DsmSuite.Analyzer.DotNet.Lib", "DsmSuite.Analyzer.DotNet.Lib\DsmSuite.Analyzer.DotNet.Lib.csproj", "{E7777E3D-34E7-4ACB-928A-FB70D25F0C64}"
EndProject
Project("{2150E333-8FDC-42A3-9474-1A3956D46DE8}") = "Compare", "Compare", "{F8AA6562-B5AC-4660-8B53-6708FBF43AFA}"
EndProject
Project("{FAE04EC0-301F-11D3-BF4B-00C04F79EFBC}") = "DsmSuite.Analyzer.Compare", "DsmSuite.Analyzer.Compare\DsmSuite.Analyzer.Compare.csproj", "{F0F09701-6A36-479E-97B9-BCC0DEF3C050}"
EndProject
Global
	GlobalSection(SolutionConfigurationPlatforms) = preSolution
		Debug|x64 = Debug|x64
		Release|x64 = Release|x64
	EndGlobalSection
	GlobalSection(ProjectConfigurationPlatforms) = postSolution
		{B73FDFFB-08D3-4573-A682-825C1A79FC54}.Debug|x64.ActiveCfg = Debug|x64
		{B73FDFFB-08D3-4573-A682-825C1A79FC54}.Debug|x64.Build.0 = Debug|x64
		{B73FDFFB-08D3-4573-A682-825C1A79FC54}.Release|x64.ActiveCfg = Release|x64
		{B73FDFFB-08D3-4573-A682-825C1A79FC54}.Release|x64.Build.0 = Release|x64
		{8FEA0BB6-A14F-494C-B21B-8A44AB8CFF47}.Debug|x64.ActiveCfg = Debug|x64
		{8FEA0BB6-A14F-494C-B21B-8A44AB8CFF47}.Debug|x64.Build.0 = Debug|x64
		{8FEA0BB6-A14F-494C-B21B-8A44AB8CFF47}.Release|x64.ActiveCfg = Release|x64
		{8FEA0BB6-A14F-494C-B21B-8A44AB8CFF47}.Release|x64.Build.0 = Release|x64
		{EA1CD197-FA51-4D2F-A9CF-EE3FA2D8C9E6}.Debug|x64.ActiveCfg = Debug|x64
		{EA1CD197-FA51-4D2F-A9CF-EE3FA2D8C9E6}.Debug|x64.Build.0 = Debug|x64
		{EA1CD197-FA51-4D2F-A9CF-EE3FA2D8C9E6}.Release|x64.ActiveCfg = Release|x64
		{EA1CD197-FA51-4D2F-A9CF-EE3FA2D8C9E6}.Release|x64.Build.0 = Release|x64
		{41A1F306-50FD-431B-9310-7DDFCD3B0E8C}.Debug|x64.ActiveCfg = Debug|x64
		{41A1F306-50FD-431B-9310-7DDFCD3B0E8C}.Debug|x64.Build.0 = Debug|x64
		{41A1F306-50FD-431B-9310-7DDFCD3B0E8C}.Release|x64.ActiveCfg = Release|x64
		{41A1F306-50FD-431B-9310-7DDFCD3B0E8C}.Release|x64.Build.0 = Release|x64
		{8D8C3B32-B144-4104-BC0A-18794BC4279C}.Debug|x64.ActiveCfg = Debug|x64
		{8D8C3B32-B144-4104-BC0A-18794BC4279C}.Debug|x64.Build.0 = Debug|x64
		{8D8C3B32-B144-4104-BC0A-18794BC4279C}.Release|x64.ActiveCfg = Release|x64
		{8D8C3B32-B144-4104-BC0A-18794BC4279C}.Release|x64.Build.0 = Release|x64
		{7106D2F0-804E-4F73-950C-266FFC096A87}.Debug|x64.ActiveCfg = Debug|x64
		{7106D2F0-804E-4F73-950C-266FFC096A87}.Debug|x64.Build.0 = Debug|x64
		{7106D2F0-804E-4F73-950C-266FFC096A87}.Release|x64.ActiveCfg = Release|x64
		{7106D2F0-804E-4F73-950C-266FFC096A87}.Release|x64.Build.0 = Release|x64
		{C123D876-A195-4220-B3F1-3C3E85720D3F}.Debug|x64.ActiveCfg = Debug|x64
		{C123D876-A195-4220-B3F1-3C3E85720D3F}.Debug|x64.Build.0 = Debug|x64
		{C123D876-A195-4220-B3F1-3C3E85720D3F}.Release|x64.ActiveCfg = Release|x64
		{C123D876-A195-4220-B3F1-3C3E85720D3F}.Release|x64.Build.0 = Release|x64
		{20C7D1B2-F006-431A-99CD-AF4BB3A2DD69}.Debug|x64.ActiveCfg = Debug|x64
		{20C7D1B2-F006-431A-99CD-AF4BB3A2DD69}.Debug|x64.Build.0 = Debug|x64
		{20C7D1B2-F006-431A-99CD-AF4BB3A2DD69}.Release|x64.ActiveCfg = Release|x64
		{20C7D1B2-F006-431A-99CD-AF4BB3A2DD69}.Release|x64.Build.0 = Release|x64
		{04FC583C-392D-47C4-B557-535B01016210}.Debug|x64.ActiveCfg = Debug|x64
		{04FC583C-392D-47C4-B557-535B01016210}.Debug|x64.Build.0 = Debug|x64
		{04FC583C-392D-47C4-B557-535B01016210}.Release|x64.ActiveCfg = Release|x64
		{04FC583C-392D-47C4-B557-535B01016210}.Release|x64.Build.0 = Release|x64
		{98AEC6FA-897E-4A47-B480-47BB410ABFAC}.Debug|x64.ActiveCfg = Debug|x64
		{98AEC6FA-897E-4A47-B480-47BB410ABFAC}.Debug|x64.Build.0 = Debug|x64
		{98AEC6FA-897E-4A47-B480-47BB410ABFAC}.Release|x64.ActiveCfg = Release|x64
		{98AEC6FA-897E-4A47-B480-47BB410ABFAC}.Release|x64.Build.0 = Release|x64
		{07280D48-1239-4EB1-9B28-C358E8944A8E}.Debug|x64.ActiveCfg = Debug|x64
		{07280D48-1239-4EB1-9B28-C358E8944A8E}.Debug|x64.Build.0 = Debug|x64
		{07280D48-1239-4EB1-9B28-C358E8944A8E}.Release|x64.ActiveCfg = Release|x64
		{07280D48-1239-4EB1-9B28-C358E8944A8E}.Release|x64.Build.0 = Release|x64
		{C792DC03-4697-4402-9FB9-D1872BDF736D}.Debug|x64.ActiveCfg = Debug|x64
		{C792DC03-4697-4402-9FB9-D1872BDF736D}.Debug|x64.Build.0 = Debug|x64
		{C792DC03-4697-4402-9FB9-D1872BDF736D}.Release|x64.ActiveCfg = Release|x64
		{C792DC03-4697-4402-9FB9-D1872BDF736D}.Release|x64.Build.0 = Release|x64
		{CB36149D-AC9B-4987-9AA0-A9030ECD2596}.Debug|x64.ActiveCfg = Debug|x64
		{CB36149D-AC9B-4987-9AA0-A9030ECD2596}.Debug|x64.Build.0 = Debug|x64
		{CB36149D-AC9B-4987-9AA0-A9030ECD2596}.Release|x64.ActiveCfg = Release|x64
		{CB36149D-AC9B-4987-9AA0-A9030ECD2596}.Release|x64.Build.0 = Release|x64
		{FF42926F-C436-4045-B125-104ED83A8CF9}.Debug|x64.ActiveCfg = Debug|x64
		{FF42926F-C436-4045-B125-104ED83A8CF9}.Debug|x64.Build.0 = Debug|x64
		{FF42926F-C436-4045-B125-104ED83A8CF9}.Release|x64.ActiveCfg = Release|x64
		{FF42926F-C436-4045-B125-104ED83A8CF9}.Release|x64.Build.0 = Release|x64
		{839EF27A-3261-473F-BA78-DE18DFA9B7AE}.Debug|x64.ActiveCfg = Debug|x64
		{839EF27A-3261-473F-BA78-DE18DFA9B7AE}.Debug|x64.Build.0 = Debug|x64
		{839EF27A-3261-473F-BA78-DE18DFA9B7AE}.Release|x64.ActiveCfg = Release|x64
		{839EF27A-3261-473F-BA78-DE18DFA9B7AE}.Release|x64.Build.0 = Release|x64
		{8BABA3A9-0BF8-4E2B-8C7B-B2C5A94707A2}.Debug|x64.ActiveCfg = Debug|x64
		{8BABA3A9-0BF8-4E2B-8C7B-B2C5A94707A2}.Debug|x64.Build.0 = Debug|x64
		{8BABA3A9-0BF8-4E2B-8C7B-B2C5A94707A2}.Release|x64.ActiveCfg = Release|x64
		{8BABA3A9-0BF8-4E2B-8C7B-B2C5A94707A2}.Release|x64.Build.0 = Release|x64
		{D485327F-A1F8-4E13-8ACB-36DEE706C9F2}.Debug|x64.ActiveCfg = Debug|x64
		{D485327F-A1F8-4E13-8ACB-36DEE706C9F2}.Debug|x64.Build.0 = Debug|x64
		{D485327F-A1F8-4E13-8ACB-36DEE706C9F2}.Release|x64.ActiveCfg = Release|x64
		{D485327F-A1F8-4E13-8ACB-36DEE706C9F2}.Release|x64.Build.0 = Release|x64
		{0CDFA464-A451-4FDC-A58F-6E5D924B49E9}.Debug|x64.ActiveCfg = Debug|x64
		{0CDFA464-A451-4FDC-A58F-6E5D924B49E9}.Debug|x64.Build.0 = Debug|x64
		{0CDFA464-A451-4FDC-A58F-6E5D924B49E9}.Release|x64.ActiveCfg = Release|x64
		{0CDFA464-A451-4FDC-A58F-6E5D924B49E9}.Release|x64.Build.0 = Release|x64
		{20C7FCE1-0363-48CF-9BB3-98C2AD6E770A}.Debug|x64.ActiveCfg = Debug|x64
		{20C7FCE1-0363-48CF-9BB3-98C2AD6E770A}.Debug|x64.Build.0 = Debug|x64
		{20C7FCE1-0363-48CF-9BB3-98C2AD6E770A}.Release|x64.ActiveCfg = Release|x64
		{20C7FCE1-0363-48CF-9BB3-98C2AD6E770A}.Release|x64.Build.0 = Release|x64
		{F864BD74-A7E3-4349-BE07-F0725A2EA589}.Debug|x64.ActiveCfg = Debug|x64
		{F864BD74-A7E3-4349-BE07-F0725A2EA589}.Debug|x64.Build.0 = Debug|x64
		{F864BD74-A7E3-4349-BE07-F0725A2EA589}.Release|x64.ActiveCfg = Release|x64
		{F864BD74-A7E3-4349-BE07-F0725A2EA589}.Release|x64.Build.0 = Release|x64
		{45B1889F-B934-4C5C-8AC4-35B28F7CF37E}.Debug|x64.ActiveCfg = Debug|x64
		{45B1889F-B934-4C5C-8AC4-35B28F7CF37E}.Debug|x64.Build.0 = Debug|x64
		{45B1889F-B934-4C5C-8AC4-35B28F7CF37E}.Release|x64.ActiveCfg = Release|x64
		{45B1889F-B934-4C5C-8AC4-35B28F7CF37E}.Release|x64.Build.0 = Release|x64
		{02E53D79-D1F8-4D2F-8568-15A8585B42F9}.Debug|x64.ActiveCfg = Debug|x64
		{02E53D79-D1F8-4D2F-8568-15A8585B42F9}.Debug|x64.Build.0 = Debug|x64
		{02E53D79-D1F8-4D2F-8568-15A8585B42F9}.Release|x64.ActiveCfg = Release|x64
		{02E53D79-D1F8-4D2F-8568-15A8585B42F9}.Release|x64.Build.0 = Release|x64
		{CDE9C6CA-F015-46DF-8175-4B283ABA5960}.Debug|x64.ActiveCfg = Debug|x64
		{CDE9C6CA-F015-46DF-8175-4B283ABA5960}.Debug|x64.Build.0 = Debug|x64
		{CDE9C6CA-F015-46DF-8175-4B283ABA5960}.Release|x64.ActiveCfg = Release|x64
		{CDE9C6CA-F015-46DF-8175-4B283ABA5960}.Release|x64.Build.0 = Release|x64
		{AE2405C6-54CA-43B1-BCF0-36B7010C0F0E}.Debug|x64.ActiveCfg = Debug|x64
		{AE2405C6-54CA-43B1-BCF0-36B7010C0F0E}.Debug|x64.Build.0 = Debug|x64
		{AE2405C6-54CA-43B1-BCF0-36B7010C0F0E}.Release|x64.ActiveCfg = Release|x64
		{AE2405C6-54CA-43B1-BCF0-36B7010C0F0E}.Release|x64.Build.0 = Release|x64
		{32E0E5F6-3AA7-4E8B-8239-EB613C33CCC4}.Debug|x64.ActiveCfg = Debug|x64
		{32E0E5F6-3AA7-4E8B-8239-EB613C33CCC4}.Debug|x64.Build.0 = Debug|x64
		{32E0E5F6-3AA7-4E8B-8239-EB613C33CCC4}.Release|x64.ActiveCfg = Release|x64
		{32E0E5F6-3AA7-4E8B-8239-EB613C33CCC4}.Release|x64.Build.0 = Release|x64
		{DBF6C849-8506-444C-BE20-ECA87CA4A35C}.Debug|x64.ActiveCfg = Debug|x64
		{DBF6C849-8506-444C-BE20-ECA87CA4A35C}.Debug|x64.Build.0 = Debug|x64
		{DBF6C849-8506-444C-BE20-ECA87CA4A35C}.Release|x64.ActiveCfg = Release|x64
		{DBF6C849-8506-444C-BE20-ECA87CA4A35C}.Release|x64.Build.0 = Release|x64
		{0B3FD709-0509-42FB-9852-F0221283255E}.Debug|x64.ActiveCfg = Debug|x64
		{0B3FD709-0509-42FB-9852-F0221283255E}.Debug|x64.Build.0 = Debug|x64
		{0B3FD709-0509-42FB-9852-F0221283255E}.Release|x64.ActiveCfg = Release|x64
		{0B3FD709-0509-42FB-9852-F0221283255E}.Release|x64.Build.0 = Release|x64
		{7C213A5A-81E9-4C10-A3C4-80830D0954D4}.Debug|x64.ActiveCfg = Debug|x64
		{7C213A5A-81E9-4C10-A3C4-80830D0954D4}.Debug|x64.Build.0 = Debug|x64
		{7C213A5A-81E9-4C10-A3C4-80830D0954D4}.Release|x64.ActiveCfg = Release|x64
		{7C213A5A-81E9-4C10-A3C4-80830D0954D4}.Release|x64.Build.0 = Release|x64
		{4641D099-C87D-4B5D-8B50-E5C074E619D0}.Debug|x64.ActiveCfg = Debug|x64
		{4641D099-C87D-4B5D-8B50-E5C074E619D0}.Debug|x64.Build.0 = Debug|x64
		{4641D099-C87D-4B5D-8B50-E5C074E619D0}.Release|x64.ActiveCfg = Release|x64
		{4641D099-C87D-4B5D-8B50-E5C074E619D0}.Release|x64.Build.0 = Release|x64
		{2C697652-F1AA-4335-8973-C5588840B8A6}.Debug|x64.ActiveCfg = Debug|x64
		{2C697652-F1AA-4335-8973-C5588840B8A6}.Debug|x64.Build.0 = Debug|x64
		{2C697652-F1AA-4335-8973-C5588840B8A6}.Release|x64.ActiveCfg = Release|x64
		{2C697652-F1AA-4335-8973-C5588840B8A6}.Release|x64.Build.0 = Release|x64
		{C2EB943F-4BB8-47BB-BDC1-7F6B607FB977}.Debug|x64.ActiveCfg = Debug|x64
		{C2EB943F-4BB8-47BB-BDC1-7F6B607FB977}.Debug|x64.Build.0 = Debug|x64
		{C2EB943F-4BB8-47BB-BDC1-7F6B607FB977}.Release|x64.ActiveCfg = Release|x64
		{C2EB943F-4BB8-47BB-BDC1-7F6B607FB977}.Release|x64.Build.0 = Release|x64
		{4365759E-FAF8-4E3D-A000-2E291BDAB23A}.Debug|x64.ActiveCfg = Debug|x64
		{4365759E-FAF8-4E3D-A000-2E291BDAB23A}.Debug|x64.Build.0 = Debug|x64
		{4365759E-FAF8-4E3D-A000-2E291BDAB23A}.Release|x64.ActiveCfg = Release|x64
		{4365759E-FAF8-4E3D-A000-2E291BDAB23A}.Release|x64.Build.0 = Release|x64
		{6E26EAA0-D0D6-41AB-9AED-61542F7EDFC5}.Debug|x64.ActiveCfg = Debug|x64
		{6E26EAA0-D0D6-41AB-9AED-61542F7EDFC5}.Debug|x64.Build.0 = Debug|x64
		{6E26EAA0-D0D6-41AB-9AED-61542F7EDFC5}.Release|x64.ActiveCfg = Release|x64
		{6E26EAA0-D0D6-41AB-9AED-61542F7EDFC5}.Release|x64.Build.0 = Release|x64
		{1DCCE734-2B1F-4EEA-9A88-85BCFE06A1DF}.Debug|x64.ActiveCfg = Debug|x64
		{1DCCE734-2B1F-4EEA-9A88-85BCFE06A1DF}.Debug|x64.Build.0 = Debug|x64
		{1DCCE734-2B1F-4EEA-9A88-85BCFE06A1DF}.Release|x64.ActiveCfg = Release|x64
		{1DCCE734-2B1F-4EEA-9A88-85BCFE06A1DF}.Release|x64.Build.0 = Release|x64
		{F5296F76-D3BF-4017-9508-30AAE75DEAB1}.Debug|x64.ActiveCfg = Debug|x64
		{F5296F76-D3BF-4017-9508-30AAE75DEAB1}.Debug|x64.Build.0 = Debug|x64
		{F5296F76-D3BF-4017-9508-30AAE75DEAB1}.Release|x64.ActiveCfg = Release|x64
		{F5296F76-D3BF-4017-9508-30AAE75DEAB1}.Release|x64.Build.0 = Release|x64
		{D0F84E3D-A707-4F90-9487-0666C69E0E50}.Debug|x64.ActiveCfg = Debug|x64
		{D0F84E3D-A707-4F90-9487-0666C69E0E50}.Debug|x64.Build.0 = Debug|x64
		{D0F84E3D-A707-4F90-9487-0666C69E0E50}.Release|x64.ActiveCfg = Release|x64
		{D0F84E3D-A707-4F90-9487-0666C69E0E50}.Release|x64.Build.0 = Release|x64
		{3C196911-29C0-4EE3-BF7B-0A0CBD596564}.Debug|x64.ActiveCfg = Debug|x64
		{3C196911-29C0-4EE3-BF7B-0A0CBD596564}.Debug|x64.Build.0 = Debug|x64
		{3C196911-29C0-4EE3-BF7B-0A0CBD596564}.Release|x64.ActiveCfg = Release|x64
		{3C196911-29C0-4EE3-BF7B-0A0CBD596564}.Release|x64.Build.0 = Release|x64
		{AAB2E02C-CD62-4643-B183-3FC80F33519C}.Debug|x64.ActiveCfg = Debug|x64
		{AAB2E02C-CD62-4643-B183-3FC80F33519C}.Debug|x64.Build.0 = Debug|x64
		{AAB2E02C-CD62-4643-B183-3FC80F33519C}.Release|x64.ActiveCfg = Release|x64
		{AAB2E02C-CD62-4643-B183-3FC80F33519C}.Release|x64.Build.0 = Release|x64
		{1BD945A2-889A-4009-B138-0447118AB0AD}.Debug|x64.ActiveCfg = Debug|x64
		{1BD945A2-889A-4009-B138-0447118AB0AD}.Debug|x64.Build.0 = Debug|x64
		{1BD945A2-889A-4009-B138-0447118AB0AD}.Release|x64.ActiveCfg = Release|x64
		{1BD945A2-889A-4009-B138-0447118AB0AD}.Release|x64.Build.0 = Release|x64
		{6095A473-4B7E-4E13-A958-B2146C641656}.Debug|x64.ActiveCfg = Debug|x64
		{6095A473-4B7E-4E13-A958-B2146C641656}.Debug|x64.Build.0 = Debug|x64
		{6095A473-4B7E-4E13-A958-B2146C641656}.Release|x64.ActiveCfg = Release|x64
		{6095A473-4B7E-4E13-A958-B2146C641656}.Release|x64.Build.0 = Release|x64
		{F041C236-AC64-4014-8CFA-9589DC4F4674}.Debug|x64.ActiveCfg = Debug|x64
		{F041C236-AC64-4014-8CFA-9589DC4F4674}.Debug|x64.Build.0 = Debug|x64
		{F041C236-AC64-4014-8CFA-9589DC4F4674}.Release|x64.ActiveCfg = Release|x64
		{F041C236-AC64-4014-8CFA-9589DC4F4674}.Release|x64.Build.0 = Release|x64
		{3B76E814-8D6A-4ADF-99D8-2D1DF3316593}.Debug|x64.ActiveCfg = Debug|x64
		{3B76E814-8D6A-4ADF-99D8-2D1DF3316593}.Debug|x64.Build.0 = Debug|x64
		{3B76E814-8D6A-4ADF-99D8-2D1DF3316593}.Release|x64.ActiveCfg = Release|x64
		{3B76E814-8D6A-4ADF-99D8-2D1DF3316593}.Release|x64.Build.0 = Release|x64
		{E243C14E-DF57-4A98-9690-2A539E1F4C41}.Debug|x64.ActiveCfg = Debug|x64
		{E243C14E-DF57-4A98-9690-2A539E1F4C41}.Debug|x64.Build.0 = Debug|x64
		{E243C14E-DF57-4A98-9690-2A539E1F4C41}.Release|x64.ActiveCfg = Release|x64
		{E243C14E-DF57-4A98-9690-2A539E1F4C41}.Release|x64.Build.0 = Release|x64
		{4A7443BC-BB2C-49B3-9D95-1FB7662F8CFE}.Debug|x64.ActiveCfg = Debug|x64
		{4A7443BC-BB2C-49B3-9D95-1FB7662F8CFE}.Debug|x64.Build.0 = Debug|x64
		{4A7443BC-BB2C-49B3-9D95-1FB7662F8CFE}.Release|x64.ActiveCfg = Release|x64
		{4A7443BC-BB2C-49B3-9D95-1FB7662F8CFE}.Release|x64.Build.0 = Release|x64
		{9768B690-0C6E-4F59-8987-EBBD4780DDE6}.Debug|x64.ActiveCfg = Debug|x64
		{9768B690-0C6E-4F59-8987-EBBD4780DDE6}.Debug|x64.Build.0 = Debug|x64
		{9768B690-0C6E-4F59-8987-EBBD4780DDE6}.Release|x64.ActiveCfg = Release|x64
		{9768B690-0C6E-4F59-8987-EBBD4780DDE6}.Release|x64.Build.0 = Release|x64
		{E7777E3D-34E7-4ACB-928A-FB70D25F0C64}.Debug|x64.ActiveCfg = Debug|x64
		{E7777E3D-34E7-4ACB-928A-FB70D25F0C64}.Debug|x64.Build.0 = Debug|x64
		{E7777E3D-34E7-4ACB-928A-FB70D25F0C64}.Release|x64.ActiveCfg = Release|x64
		{E7777E3D-34E7-4ACB-928A-FB70D25F0C64}.Release|x64.Build.0 = Release|x64
		{F0F09701-6A36-479E-97B9-BCC0DEF3C050}.Debug|x64.ActiveCfg = Debug|x64
		{F0F09701-6A36-479E-97B9-BCC0DEF3C050}.Debug|x64.Build.0 = Debug|x64
		{F0F09701-6A36-479E-97B9-BCC0DEF3C050}.Release|x64.ActiveCfg = Release|x64
		{F0F09701-6A36-479E-97B9-BCC0DEF3C050}.Release|x64.Build.0 = Release|x64
	EndGlobalSection
	GlobalSection(SolutionProperties) = preSolution
		HideSolutionNode = FALSE
	EndGlobalSection
	GlobalSection(NestedProjects) = preSolution
		{B73FDFFB-08D3-4573-A682-825C1A79FC54} = {7C72B195-41E4-4179-84C2-FDE2EE7B5934}
		{8FEA0BB6-A14F-494C-B21B-8A44AB8CFF47} = {3C5EA8D2-047D-4492-A5BB-FF468210CF87}
		{EA1CD197-FA51-4D2F-A9CF-EE3FA2D8C9E6} = {E83E9704-05FB-473C-A5E4-EE8D1969CB29}
		{41A1F306-50FD-431B-9310-7DDFCD3B0E8C} = {F1175435-0F79-442B-9DE7-0C6801A82E5A}
		{7C72B195-41E4-4179-84C2-FDE2EE7B5934} = {253991D0-5167-48FC-A767-5537AB5C18DE}
		{8D8C3B32-B144-4104-BC0A-18794BC4279C} = {7C72B195-41E4-4179-84C2-FDE2EE7B5934}
		{7106D2F0-804E-4F73-950C-266FFC096A87} = {BA392E57-9DFC-44F8-B891-A0802A88D22B}
		{C123D876-A195-4220-B3F1-3C3E85720D3F} = {BA392E57-9DFC-44F8-B891-A0802A88D22B}
		{20C7D1B2-F006-431A-99CD-AF4BB3A2DD69} = {1DB0D1BE-5B13-4518-812A-24E66CBD11A6}
		{04FC583C-392D-47C4-B557-535B01016210} = {9688F299-AC1D-482C-8116-69CF6849D6B6}
		{9688F299-AC1D-482C-8116-69CF6849D6B6} = {253991D0-5167-48FC-A767-5537AB5C18DE}
		{3C5EA8D2-047D-4492-A5BB-FF468210CF87} = {253991D0-5167-48FC-A767-5537AB5C18DE}
		{E83E9704-05FB-473C-A5E4-EE8D1969CB29} = {253991D0-5167-48FC-A767-5537AB5C18DE}
		{F1175435-0F79-442B-9DE7-0C6801A82E5A} = {253991D0-5167-48FC-A767-5537AB5C18DE}
		{1DB0D1BE-5B13-4518-812A-24E66CBD11A6} = {253991D0-5167-48FC-A767-5537AB5C18DE}
		{98AEC6FA-897E-4A47-B480-47BB410ABFAC} = {E83E9704-05FB-473C-A5E4-EE8D1969CB29}
		{07280D48-1239-4EB1-9B28-C358E8944A8E} = {3C5EA8D2-047D-4492-A5BB-FF468210CF87}
		{C792DC03-4697-4402-9FB9-D1872BDF736D} = {9688F299-AC1D-482C-8116-69CF6849D6B6}
		{CB36149D-AC9B-4987-9AA0-A9030ECD2596} = {1DB0D1BE-5B13-4518-812A-24E66CBD11A6}
		{FF42926F-C436-4045-B125-104ED83A8CF9} = {F1175435-0F79-442B-9DE7-0C6801A82E5A}
		{E6F477ED-BA20-4E27-BFF7-DB546F92103C} = {253991D0-5167-48FC-A767-5537AB5C18DE}
		{839EF27A-3261-473F-BA78-DE18DFA9B7AE} = {E6F477ED-BA20-4E27-BFF7-DB546F92103C}
		{8BABA3A9-0BF8-4E2B-8C7B-B2C5A94707A2} = {E6F477ED-BA20-4E27-BFF7-DB546F92103C}
		{D485327F-A1F8-4E13-8ACB-36DEE706C9F2} = {F1175435-0F79-442B-9DE7-0C6801A82E5A}
		{0CDFA464-A451-4FDC-A58F-6E5D924B49E9} = {3C5EA8D2-047D-4492-A5BB-FF468210CF87}
		{20C7FCE1-0363-48CF-9BB3-98C2AD6E770A} = {E83E9704-05FB-473C-A5E4-EE8D1969CB29}
		{8CEDCC29-73AA-45DB-A351-929B1F2903F0} = {2BC25D73-D38B-4B7C-841B-5B54B8716EAA}
		{D4430739-03B9-49D4-AFC6-FDB985533633} = {2BC25D73-D38B-4B7C-841B-5B54B8716EAA}
		{13B1869B-1D0E-4398-9C66-D41F0BC7DEF0} = {2BC25D73-D38B-4B7C-841B-5B54B8716EAA}
		{691DAC55-DFC6-48BA-8E5F-F19266316F08} = {2BC25D73-D38B-4B7C-841B-5B54B8716EAA}
		{F193BB64-603D-4A3F-8BC0-2B8FE218F280} = {2BC25D73-D38B-4B7C-841B-5B54B8716EAA}
		{F864BD74-A7E3-4349-BE07-F0725A2EA589} = {691DAC55-DFC6-48BA-8E5F-F19266316F08}
		{45B1889F-B934-4C5C-8AC4-35B28F7CF37E} = {691DAC55-DFC6-48BA-8E5F-F19266316F08}
		{02E53D79-D1F8-4D2F-8568-15A8585B42F9} = {D4430739-03B9-49D4-AFC6-FDB985533633}
		{CDE9C6CA-F015-46DF-8175-4B283ABA5960} = {D4430739-03B9-49D4-AFC6-FDB985533633}
		{AE2405C6-54CA-43B1-BCF0-36B7010C0F0E} = {F193BB64-603D-4A3F-8BC0-2B8FE218F280}
		{32E0E5F6-3AA7-4E8B-8239-EB613C33CCC4} = {F193BB64-603D-4A3F-8BC0-2B8FE218F280}
		{DBF6C849-8506-444C-BE20-ECA87CA4A35C} = {8CEDCC29-73AA-45DB-A351-929B1F2903F0}
		{0B3FD709-0509-42FB-9852-F0221283255E} = {13B1869B-1D0E-4398-9C66-D41F0BC7DEF0}
		{7C213A5A-81E9-4C10-A3C4-80830D0954D4} = {13B1869B-1D0E-4398-9C66-D41F0BC7DEF0}
		{4641D099-C87D-4B5D-8B50-E5C074E619D0} = {002578BA-17A9-4DF2-85E7-B354F346940B}
		{BA392E57-9DFC-44F8-B891-A0802A88D22B} = {253991D0-5167-48FC-A767-5537AB5C18DE}
		{2C697652-F1AA-4335-8973-C5588840B8A6} = {B65914AE-2560-4A02-9C56-8D03D82B64FA}
		{C2EB943F-4BB8-47BB-BDC1-7F6B607FB977} = {B65914AE-2560-4A02-9C56-8D03D82B64FA}
		{4365759E-FAF8-4E3D-A000-2E291BDAB23A} = {96FC2658-2782-4F0B-BAD0-AB693883E0DE}
		{6E26EAA0-D0D6-41AB-9AED-61542F7EDFC5} = {B65914AE-2560-4A02-9C56-8D03D82B64FA}
		{1DCCE734-2B1F-4EEA-9A88-85BCFE06A1DF} = {B65914AE-2560-4A02-9C56-8D03D82B64FA}
		{F5296F76-D3BF-4017-9508-30AAE75DEAB1} = {CCF0A136-5FB5-4B19-85CE-3FEBCE42272C}
		{D0F84E3D-A707-4F90-9487-0666C69E0E50} = {CCF0A136-5FB5-4B19-85CE-3FEBCE42272C}
		{3C196911-29C0-4EE3-BF7B-0A0CBD596564} = {CCF0A136-5FB5-4B19-85CE-3FEBCE42272C}
		{AAB2E02C-CD62-4643-B183-3FC80F33519C} = {CCF0A136-5FB5-4B19-85CE-3FEBCE42272C}
		{1BD945A2-889A-4009-B138-0447118AB0AD} = {B65914AE-2560-4A02-9C56-8D03D82B64FA}
		{6095A473-4B7E-4E13-A958-B2146C641656} = {B65914AE-2560-4A02-9C56-8D03D82B64FA}
		{F041C236-AC64-4014-8CFA-9589DC4F4674} = {B65914AE-2560-4A02-9C56-8D03D82B64FA}
		{3B76E814-8D6A-4ADF-99D8-2D1DF3316593} = {B65914AE-2560-4A02-9C56-8D03D82B64FA}
		{E243C14E-DF57-4A98-9690-2A539E1F4C41} = {F1175435-0F79-442B-9DE7-0C6801A82E5A}
		{4A7443BC-BB2C-49B3-9D95-1FB7662F8CFE} = {F1175435-0F79-442B-9DE7-0C6801A82E5A}
		{9768B690-0C6E-4F59-8987-EBBD4780DDE6} = {F1175435-0F79-442B-9DE7-0C6801A82E5A}
		{E7777E3D-34E7-4ACB-928A-FB70D25F0C64} = {3C5EA8D2-047D-4492-A5BB-FF468210CF87}
		{F8AA6562-B5AC-4660-8B53-6708FBF43AFA} = {253991D0-5167-48FC-A767-5537AB5C18DE}
		{F0F09701-6A36-479E-97B9-BCC0DEF3C050} = {F8AA6562-B5AC-4660-8B53-6708FBF43AFA}
	EndGlobalSection
EndGlobal
