<?xml version="1.0" encoding="utf-8"?>
<Project ToolsVersion="4.0" xmlns="http://schemas.microsoft.com/developer/msbuild/2003">
  <ItemGroup>
    <Filter Include="PackageA1">
      <UniqueIdentifier>{32fe2e20-f348-4d5d-abe8-8b21d9ee778e}</UniqueIdentifier>
    </Filter>
    <Filter Include="PackageA2">
      <UniqueIdentifier>{7803ad3f-a431-4953-b14e-c9d5d2328452}</UniqueIdentifier>
    </Filter>
    <Filter Include="PackageA3">
      <UniqueIdentifier>{13e4726a-3ad4-45a6-876e-c6d767ee193e}</UniqueIdentifier>
    </Filter>
  </ItemGroup>
  <ItemGroup>
    <ClCompile Include="PackageA1\FileA.cpp">
      <Filter>PackageA1</Filter>
    </ClCompile>
    <ClCompile Include="PackageA1\FileB.cpp">
      <Filter>PackageA1</Filter>
    </ClCompile>
    <ClCompile Include="PackageA1\FileC.cpp">
      <Filter>PackageA1</Filter>
    </ClCompile>
  </ItemGroup>
  <ItemGroup>
    <ClInclude Include="PackageA1\FileA.h">
      <Filter>PackageA1</Filter>
    </ClInclude>
    <ClInclude Include="PackageA1\FileB.h">
      <Filter>PackageA1</Filter>
    </ClInclude>
    <ClInclude Include="PackageA1\FileC.h">
      <Filter>PackageA1</Filter>
    </ClInclude>
    <ClInclude Include="PackageA2\FileA.h">
      <Filter>PackageA2</Filter>
    </ClInclude>
    <ClInclude Include="PackageA3\FileA.h">
      <Filter>PackageA3</Filter>
    </ClInclude>
  </ItemGroup>
</Project>