
Microsoft Visual Studio Solution File, Format Version 12.00
# Visual Studio Version 16
VisualStudioVersion = 16.0.31515.178
MinimumVisualStudioVersion = 10.0.40219.1
Project("{FAE04EC0-301F-11D3-BF4B-00C04F79EFBC}") = "DsmSuite.Analyzer.DotNet", "DsmSuite.Analyzer.DotNet\DsmSuite.Analyzer.DotNet.csproj", "{8FEA0BB6-A14F-494C-B21B-8A44AB8CFF47}"
EndProject
Project("{FAE04EC0-301F-11D3-BF4B-00C04F79EFBC}") = "DsmSuite.Analyzer.Cpp", "DsmSuite.Analyzer.Cpp\DsmSuite.Analyzer.Cpp.csproj", "{EA1CD197-FA51-4D2F-A9CF-EE3FA2D8C9E6}"
EndProject
Project("{FAE04EC0-301F-11D3-BF4B-00C04F79EFBC}") = "DsmSuite.Analyzer.Model", "DsmSuite.Analyzer.Model\DsmSuite.Analyzer.Model.csproj", "{7106D2F0-804E-4F73-950C-266FFC096A87}"
EndProject
Project("{FAE04EC0-301F-11D3-BF4B-00C04F79EFBC}") = "DsmSuite.Analyzer.Model.Test", "DsmSuite.Analyzer.Model.Test\DsmSuite.Analyzer.Model.Test.csproj", "{C123D876-A195-4220-B3F1-3C3E85720D3F}"
EndProject
Project("{FAE04EC0-301F-11D3-BF4B-00C04F79EFBC}") = "DsmSuite.Analyzer.Jdeps", "DsmSuite.Analyzer.Jdeps\DsmSuite.Analyzer.Jdeps.csproj", "{04FC583C-392D-47C4-B557-535B01016210}"
EndProject
Project("{2150E333-8FDC-42A3-9474-1A3956D46DE8}") = "JdepsAnalyzer", "JdepsAnalyzer", "{9688F299-AC1D-482C-8116-69CF6849D6B6}"
EndProject
Project("{2150E333-8FDC-42A3-9474-1A3956D46DE8}") = "DotNetAnalyzer", "DotNetAnalyzer", "{3C5EA8D2-047D-4492-A5BB-FF468210CF87}"
EndProject
Project("{2150E333-8FDC-42A3-9474-1A3956D46DE8}") = "CppAnalyzer", "CppAnalyzer", "{E83E9704-05FB-473C-A5E4-EE8D1969CB29}"
EndProject
Project("{FAE04EC0-301F-11D3-BF4B-00C04F79EFBC}") = "DsmSuite.Analyzer.Cpp.Test", "DsmSuite.Analyzer.Cpp.Test\DsmSuite.Analyzer.Cpp.Test.csproj", "{98AEC6FA-897E-4A47-B480-47BB410ABFAC}"
EndProject
Project("{FAE04EC0-301F-11D3-BF4B-00C04F79EFBC}") = "DsmSuite.Analyzer.DotNet.Test", "DsmSuite.Analyzer.DotNet.Test\DsmSuite.Analyzer.DotNet.Test.csproj", "{07280D48-1239-4EB1-9B28-C358E8944A8E}"
EndProject
Project("{FAE04EC0-301F-11D3-BF4B-00C04F79EFBC}") = "DsmSuite.Analyzer.Jdeps.Test", "DsmSuite.Analyzer.Jdeps.Test\DsmSuite.Analyzer.Jdeps.Test.csproj", "{C792DC03-4697-4402-9FB9-D1872BDF736D}"
EndProject
Project("{2150E333-8FDC-42A3-9474-1A3956D46DE8}") = "Common", "Common", "{E6F477ED-BA20-4E27-BFF7-DB546F92103C}"
EndProject
Project("{FAE04EC0-301F-11D3-BF4B-00C04F79EFBC}") = "DsmSuite.Analyzer.Transformations", "DsmSuite.Analyzer.Transformations\DsmSuite.Analyzer.Transformations.csproj", "{839EF27A-3261-473F-BA78-DE18DFA9B7AE}"
EndProject
Project("{FAE04EC0-301F-11D3-BF4B-00C04F79EFBC}") = "DsmSuite.Analyzer.Transformations.Test", "DsmSuite.Analyzer.Transformations.Test\DsmSuite.Analyzer.Transformations.Test.csproj", "{8BABA3A9-0BF8-4E2B-8C7B-B2C5A94707A2}"
EndProject
Project("{2150E333-8FDC-42A3-9474-1A3956D46DE8}") = "Analyzers", "Analyzers", "{253991D0-5167-48FC-A767-5537AB5C18DE}"
EndProject
Project("{FAE04EC0-301F-11D3-BF4B-00C04F79EFBC}") = "DsmSuite.Analyzer.DotNet.Test.Data", "DsmSuite.Analyzer.DotNet.Test.Data\DsmSuite.Analyzer.DotNet.Test.Data.csproj", "{0CDFA464-A451-4FDC-A58F-6E5D924B49E9}"
EndProject
Project("{8BC9CEB8-8B4A-11D0-8D11-00A0C91BC942}") = "DsmSuite.Analyzer.Cpp.Test.Data", "DsmSuite.Analyzer.Cpp.Test.Data\DsmSuite.Analyzer.Cpp.Test.Data.vcxproj", "{20C7FCE1-0363-48CF-9BB3-98C2AD6E770A}"
EndProject
Project("{2150E333-8FDC-42A3-9474-1A3956D46DE8}") = "Viewer", "Viewer", "{2BC25D73-D38B-4B7C-841B-5B54B8716EAA}"
EndProject
Project("{2150E333-8FDC-42A3-9474-1A3956D46DE8}") = "View", "View", "{8CEDCC29-73AA-45DB-A351-929B1F2903F0}"
EndProject
Project("{2150E333-8FDC-42A3-9474-1A3956D46DE8}") = "ViewModel", "ViewModel", "{13B1869B-1D0E-4398-9C66-D41F0BC7DEF0}"
EndProject
Project("{2150E333-8FDC-42A3-9474-1A3956D46DE8}") = "Application", "Application", "{691DAC55-DFC6-48BA-8E5F-F19266316F08}"
EndProject
Project("{2150E333-8FDC-42A3-9474-1A3956D46DE8}") = "Model", "Model", "{F193BB64-603D-4A3F-8BC0-2B8FE218F280}"
EndProject
Project("{FAE04EC0-301F-11D3-BF4B-00C04F79EFBC}") = "DsmSuite.DsmViewer.Application", "DsmSuite.DsmViewer.Application\DsmSuite.DsmViewer.Application.csproj", "{F864BD74-A7E3-4349-BE07-F0725A2EA589}"
EndProject
Project("{FAE04EC0-301F-11D3-BF4B-00C04F79EFBC}") = "DsmSuite.DsmViewer.Application.Test", "DsmSuite.DsmViewer.Application.Test\DsmSuite.DsmViewer.Application.Test.csproj", "{45B1889F-B934-4C5C-8AC4-35B28F7CF37E}"
EndProject
Project("{FAE04EC0-301F-11D3-BF4B-00C04F79EFBC}") = "DsmSuite.DsmViewer.Model", "DsmSuite.DsmViewer.Model\DsmSuite.DsmViewer.Model.csproj", "{AE2405C6-54CA-43B1-BCF0-36B7010C0F0E}"
EndProject
Project("{FAE04EC0-301F-11D3-BF4B-00C04F79EFBC}") = "DsmSuite.DsmViewer.Model.Test", "DsmSuite.DsmViewer.Model.Test\DsmSuite.DsmViewer.Model.Test.csproj", "{32E0E5F6-3AA7-4E8B-8239-EB613C33CCC4}"
EndProject
Project("{FAE04EC0-301F-11D3-BF4B-00C04F79EFBC}") = "DsmSuite.DsmViewer.ViewModel", "DsmSuite.DsmViewer.ViewModel\DsmSuite.DsmViewer.ViewModel.csproj", "{0B3FD709-0509-42FB-9852-F0221283255E}"
EndProject
Project("{FAE04EC0-301F-11D3-BF4B-00C04F79EFBC}") = "DsmSuite.DsmViewer.ViewModel.Test", "DsmSuite.DsmViewer.ViewModel.Test\DsmSuite.DsmViewer.ViewModel.Test.csproj", "{7C213A5A-81E9-4C10-A3C4-80830D0954D4}"
EndProject
Project("{2150E333-8FDC-42A3-9474-1A3956D46DE8}") = "Model", "Model", "{BA392E57-9DFC-44F8-B891-A0802A88D22B}"
EndProject
Project("{2150E333-8FDC-42A3-9474-1A3956D46DE8}") = "Common", "Common", "{B65914AE-2560-4A02-9C56-8D03D82B64FA}"
EndProject
Project("{FAE04EC0-301F-11D3-BF4B-00C04F79EFBC}") = "DsmSuite.Common.Util.Test", "DsmSuite.Common.Util.Test\DsmSuite.Common.Util.Test.csproj", "{2C697652-F1AA-4335-8973-C5588840B8A6}"
EndProject
Project("{FAE04EC0-301F-11D3-BF4B-00C04F79EFBC}") = "DsmSuite.Common.Util", "DsmSuite.Common.Util\DsmSuite.Common.Util.csproj", "{C2EB943F-4BB8-47BB-BDC1-7F6B607FB977}"
EndProject
Project("{2150E333-8FDC-42A3-9474-1A3956D46DE8}") = "Solution Items", "Solution Items", "{7656A058-A888-4638-9FF0-CFCB56D1323A}"
	ProjectSection(SolutionItems) = preProject
		test.runsettings = test.runsettings
	EndProjectSection
EndProject
Project("{FAE04EC0-301F-11D3-BF4B-00C04F79EFBC}") = "DsmSuite.Common.Model", "DsmSuite.Common.Model\DsmSuite.Common.Model.csproj", "{6E26EAA0-D0D6-41AB-9AED-61542F7EDFC5}"
EndProject
Project("{FAE04EC0-301F-11D3-BF4B-00C04F79EFBC}") = "DsmSuite.Common.Model.Test", "DsmSuite.Common.Model.Test\DsmSuite.Common.Model.Test.csproj", "{1DCCE734-2B1F-4EEA-9A88-85BCFE06A1DF}"
EndProject
Project("{FAE04EC0-301F-11D3-BF4B-00C04F79EFBC}") = "DsmSuite.Analyzer.DotNet.Lib", "DsmSuite.Analyzer.DotNet.Lib\DsmSuite.Analyzer.DotNet.Lib.csproj", "{E7777E3D-34E7-4ACB-928A-FB70D25F0C64}"
EndProject
Project("{2150E333-8FDC-42A3-9474-1A3956D46DE8}") = "Compare", "Compare", "{F8AA6562-B5AC-4660-8B53-6708FBF43AFA}"
EndProject
Project("{FAE04EC0-301F-11D3-BF4B-00C04F79EFBC}") = "DsmSuite.Analyzer.Compare", "DsmSuite.Analyzer.Compare\DsmSuite.Analyzer.Compare.csproj", "{F0F09701-6A36-479E-97B9-BCC0DEF3C050}"
EndProject
Project("{FAE04EC0-301F-11D3-BF4B-00C04F79EFBC}") = "DsmSuite.Analyzer.Compare.Test", "DsmSuite.Analyzer.Compare.Test\DsmSuite.Analyzer.Compare.Test.csproj", "{AE26E765-3E28-45C0-87FC-A45A88AE431B}"
EndProject
Project("{FAE04EC0-301F-11D3-BF4B-00C04F79EFBC}") = "DsmSuite.Analyzer.CompareLib", "DsmSuite.Analyzer.CompareLib\DsmSuite.Analyzer.CompareLib.csproj", "{4DEF3EDB-91A6-4C95-BF74-D11B3363BEE2}"
EndProject
Global
	GlobalSection(SolutionConfigurationPlatforms) = preSolution
		Debug|x64 = Debug|x64
		Release|x64 = Release|x64
	EndGlobalSection
	GlobalSection(ProjectConfigurationPlatforms) = postSolution
		{8FEA0BB6-A14F-494C-B21B-8A44AB8CFF47}.Debug|x64.ActiveCfg = Debug|x64
		{8FEA0BB6-A14F-494C-B21B-8A44AB8CFF47}.Debug|x64.Build.0 = Debug|x64
		{8FEA0BB6-A14F-494C-B21B-8A44AB8CFF47}.Release|x64.ActiveCfg = Release|x64
		{8FEA0BB6-A14F-494C-B21B-8A44AB8CFF47}.Release|x64.Build.0 = Release|x64
		{EA1CD197-FA51-4D2F-A9CF-EE3FA2D8C9E6}.Debug|x64.ActiveCfg = Debug|x64
		{EA1CD197-FA51-4D2F-A9CF-EE3FA2D8C9E6}.Debug|x64.Build.0 = Debug|x64
		{EA1CD197-FA51-4D2F-A9CF-EE3FA2D8C9E6}.Release|x64.ActiveCfg = Release|x64
		{EA1CD197-FA51-4D2F-A9CF-EE3FA2D8C9E6}.Release|x64.Build.0 = Release|x64
		{7106D2F0-804E-4F73-950C-266FFC096A87}.Debug|x64.ActiveCfg = Debug|x64
		{7106D2F0-804E-4F73-950C-266FFC096A87}.Debug|x64.Build.0 = Debug|x64
		{7106D2F0-804E-4F73-950C-266FFC096A87}.Release|x64.ActiveCfg = Release|x64
		{7106D2F0-804E-4F73-950C-266FFC096A87}.Release|x64.Build.0 = Release|x64
		{C123D876-A195-4220-B3F1-3C3E85720D3F}.Debug|x64.ActiveCfg = Debug|x64
		{C123D876-A195-4220-B3F1-3C3E85720D3F}.Debug|x64.Build.0 = Debug|x64
		{C123D876-A195-4220-B3F1-3C3E85720D3F}.Release|x64.ActiveCfg = Release|x64
		{C123D876-A195-4220-B3F1-3C3E85720D3F}.Release|x64.Build.0 = Release|x64
		{04FC583C-392D-47C4-B557-535B01016210}.Debug|x64.ActiveCfg = Debug|x64
		{04FC583C-392D-47C4-B557-535B01016210}.Debug|x64.Build.0 = Debug|x64
		{04FC583C-392D-47C4-B557-535B01016210}.Release|x64.ActiveCfg = Release|x64
		{04FC583C-392D-47C4-B557-535B01016210}.Release|x64.Build.0 = Release|x64
		{98AEC6FA-897E-4A47-B480-47BB410ABFAC}.Debug|x64.ActiveCfg = Debug|x64
		{98AEC6FA-897E-4A47-B480-47BB410ABFAC}.Debug|x64.Build.0 = Debug|x64
		{98AEC6FA-897E-4A47-B480-47BB410ABFAC}.Release|x64.ActiveCfg = Release|x64
		{98AEC6FA-897E-4A47-B480-47BB410ABFAC}.Release|x64.Build.0 = Release|x64
		{07280D48-1239-4EB1-9B28-C358E8944A8E}.Debug|x64.ActiveCfg = Debug|x64
		{07280D48-1239-4EB1-9B28-C358E8944A8E}.Debug|x64.Build.0 = Debug|x64
		{07280D48-1239-4EB1-9B28-C358E8944A8E}.Release|x64.ActiveCfg = Release|x64
		{07280D48-1239-4EB1-9B28-C358E8944A8E}.Release|x64.Build.0 = Release|x64
		{C792DC03-4697-4402-9FB9-D1872BDF736D}.Debug|x64.ActiveCfg = Debug|x64
		{C792DC03-4697-4402-9FB9-D1872BDF736D}.Debug|x64.Build.0 = Debug|x64
		{C792DC03-4697-4402-9FB9-D1872BDF736D}.Release|x64.ActiveCfg = Release|x64
		{C792DC03-4697-4402-9FB9-D1872BDF736D}.Release|x64.Build.0 = Release|x64
		{839EF27A-3261-473F-BA78-DE18DFA9B7AE}.Debug|x64.ActiveCfg = Debug|x64
		{839EF27A-3261-473F-BA78-DE18DFA9B7AE}.Debug|x64.Build.0 = Debug|x64
		{839EF27A-3261-473F-BA78-DE18DFA9B7AE}.Release|x64.ActiveCfg = Release|x64
		{839EF27A-3261-473F-BA78-DE18DFA9B7AE}.Release|x64.Build.0 = Release|x64
		{8BABA3A9-0BF8-4E2B-8C7B-B2C5A94707A2}.Debug|x64.ActiveCfg = Debug|x64
		{8BABA3A9-0BF8-4E2B-8C7B-B2C5A94707A2}.Debug|x64.Build.0 = Debug|x64
		{8BABA3A9-0BF8-4E2B-8C7B-B2C5A94707A2}.Release|x64.ActiveCfg = Release|x64
		{8BABA3A9-0BF8-4E2B-8C7B-B2C5A94707A2}.Release|x64.Build.0 = Release|x64
		{0CDFA464-A451-4FDC-A58F-6E5D924B49E9}.Debug|x64.ActiveCfg = Debug|x64
		{0CDFA464-A451-4FDC-A58F-6E5D924B49E9}.Debug|x64.Build.0 = Debug|x64
		{0CDFA464-A451-4FDC-A58F-6E5D924B49E9}.Release|x64.ActiveCfg = Release|x64
		{0CDFA464-A451-4FDC-A58F-6E5D924B49E9}.Release|x64.Build.0 = Release|x64
		{20C7FCE1-0363-48CF-9BB3-98C2AD6E770A}.Debug|x64.ActiveCfg = Debug|x64
		{20C7FCE1-0363-48CF-9BB3-98C2AD6E770A}.Debug|x64.Build.0 = Debug|x64
		{20C7FCE1-0363-48CF-9BB3-98C2AD6E770A}.Release|x64.ActiveCfg = Release|x64
		{20C7FCE1-0363-48CF-9BB3-98C2AD6E770A}.Release|x64.Build.0 = Release|x64
		{F864BD74-A7E3-4349-BE07-F0725A2EA589}.Debug|x64.ActiveCfg = Debug|x64
		{F864BD74-A7E3-4349-BE07-F0725A2EA589}.Debug|x64.Build.0 = Debug|x64
		{F864BD74-A7E3-4349-BE07-F0725A2EA589}.Release|x64.ActiveCfg = Release|x64
		{F864BD74-A7E3-4349-BE07-F0725A2EA589}.Release|x64.Build.0 = Release|x64
		{45B1889F-B934-4C5C-8AC4-35B28F7CF37E}.Debug|x64.ActiveCfg = Debug|x64
		{45B1889F-B934-4C5C-8AC4-35B28F7CF37E}.Debug|x64.Build.0 = Debug|x64
		{45B1889F-B934-4C5C-8AC4-35B28F7CF37E}.Release|x64.ActiveCfg = Release|x64
		{45B1889F-B934-4C5C-8AC4-35B28F7CF37E}.Release|x64.Build.0 = Release|x64
		{AE2405C6-54CA-43B1-BCF0-36B7010C0F0E}.Debug|x64.ActiveCfg = Debug|x64
		{AE2405C6-54CA-43B1-BCF0-36B7010C0F0E}.Debug|x64.Build.0 = Debug|x64
		{AE2405C6-54CA-43B1-BCF0-36B7010C0F0E}.Release|x64.ActiveCfg = Release|x64
		{AE2405C6-54CA-43B1-BCF0-36B7010C0F0E}.Release|x64.Build.0 = Release|x64
		{32E0E5F6-3AA7-4E8B-8239-EB613C33CCC4}.Debug|x64.ActiveCfg = Debug|x64
		{32E0E5F6-3AA7-4E8B-8239-EB613C33CCC4}.Debug|x64.Build.0 = Debug|x64
		{32E0E5F6-3AA7-4E8B-8239-EB613C33CCC4}.Release|x64.ActiveCfg = Release|x64
		{32E0E5F6-3AA7-4E8B-8239-EB613C33CCC4}.Release|x64.Build.0 = Release|x64
		{0B3FD709-0509-42FB-9852-F0221283255E}.Debug|x64.ActiveCfg = Debug|x64
		{0B3FD709-0509-42FB-9852-F0221283255E}.Debug|x64.Build.0 = Debug|x64
		{0B3FD709-0509-42FB-9852-F0221283255E}.Release|x64.ActiveCfg = Release|x64
		{0B3FD709-0509-42FB-9852-F0221283255E}.Release|x64.Build.0 = Release|x64
		{7C213A5A-81E9-4C10-A3C4-80830D0954D4}.Debug|x64.ActiveCfg = Debug|x64
		{7C213A5A-81E9-4C10-A3C4-80830D0954D4}.Debug|x64.Build.0 = Debug|x64
		{7C213A5A-81E9-4C10-A3C4-80830D0954D4}.Release|x64.ActiveCfg = Release|x64
		{7C213A5A-81E9-4C10-A3C4-80830D0954D4}.Release|x64.Build.0 = Release|x64
		{2C697652-F1AA-4335-8973-C5588840B8A6}.Debug|x64.ActiveCfg = Debug|x64
		{2C697652-F1AA-4335-8973-C5588840B8A6}.Debug|x64.Build.0 = Debug|x64
		{2C697652-F1AA-4335-8973-C5588840B8A6}.Release|x64.ActiveCfg = Release|x64
		{2C697652-F1AA-4335-8973-C5588840B8A6}.Release|x64.Build.0 = Release|x64
		{C2EB943F-4BB8-47BB-BDC1-7F6B607FB977}.Debug|x64.ActiveCfg = Debug|x64
		{C2EB943F-4BB8-47BB-BDC1-7F6B607FB977}.Debug|x64.Build.0 = Debug|x64
		{C2EB943F-4BB8-47BB-BDC1-7F6B607FB977}.Release|x64.ActiveCfg = Release|x64
		{C2EB943F-4BB8-47BB-BDC1-7F6B607FB977}.Release|x64.Build.0 = Release|x64
		{6E26EAA0-D0D6-41AB-9AED-61542F7EDFC5}.Debug|x64.ActiveCfg = Debug|x64
		{6E26EAA0-D0D6-41AB-9AED-61542F7EDFC5}.Debug|x64.Build.0 = Debug|x64
		{6E26EAA0-D0D6-41AB-9AED-61542F7EDFC5}.Release|x64.ActiveCfg = Release|x64
		{6E26EAA0-D0D6-41AB-9AED-61542F7EDFC5}.Release|x64.Build.0 = Release|x64
		{1DCCE734-2B1F-4EEA-9A88-85BCFE06A1DF}.Debug|x64.ActiveCfg = Debug|x64
		{1DCCE734-2B1F-4EEA-9A88-85BCFE06A1DF}.Debug|x64.Build.0 = Debug|x64
		{1DCCE734-2B1F-4EEA-9A88-85BCFE06A1DF}.Release|x64.ActiveCfg = Release|x64
		{1DCCE734-2B1F-4EEA-9A88-85BCFE06A1DF}.Release|x64.Build.0 = Release|x64
		{E7777E3D-34E7-4ACB-928A-FB70D25F0C64}.Debug|x64.ActiveCfg = Debug|x64
		{E7777E3D-34E7-4ACB-928A-FB70D25F0C64}.Debug|x64.Build.0 = Debug|x64
		{E7777E3D-34E7-4ACB-928A-FB70D25F0C64}.Release|x64.ActiveCfg = Release|x64
		{E7777E3D-34E7-4ACB-928A-FB70D25F0C64}.Release|x64.Build.0 = Release|x64
		{F0F09701-6A36-479E-97B9-BCC0DEF3C050}.Debug|x64.ActiveCfg = Debug|x64
		{F0F09701-6A36-479E-97B9-BCC0DEF3C050}.Debug|x64.Build.0 = Debug|x64
		{F0F09701-6A36-479E-97B9-BCC0DEF3C050}.Release|x64.ActiveCfg = Release|x64
		{F0F09701-6A36-479E-97B9-BCC0DEF3C050}.Release|x64.Build.0 = Release|x64
		{AE26E765-3E28-45C0-87FC-A45A88AE431B}.Debug|x64.ActiveCfg = Debug|x64
		{AE26E765-3E28-45C0-87FC-A45A88AE431B}.Debug|x64.Build.0 = Debug|x64
		{AE26E765-3E28-45C0-87FC-A45A88AE431B}.Release|x64.ActiveCfg = Release|x64
		{AE26E765-3E28-45C0-87FC-A45A88AE431B}.Release|x64.Build.0 = Release|x64
		{4DEF3EDB-91A6-4C95-BF74-D11B3363BEE2}.Debug|x64.ActiveCfg = Debug|x64
		{4DEF3EDB-91A6-4C95-BF74-D11B3363BEE2}.Debug|x64.Build.0 = Debug|x64
		{4DEF3EDB-91A6-4C95-BF74-D11B3363BEE2}.Release|x64.ActiveCfg = Release|x64
		{4DEF3EDB-91A6-4C95-BF74-D11B3363BEE2}.Release|x64.Build.0 = Release|x64
	EndGlobalSection
	GlobalSection(SolutionProperties) = preSolution
		HideSolutionNode = FALSE
	EndGlobalSection
	GlobalSection(NestedProjects) = preSolution
		{8FEA0BB6-A14F-494C-B21B-8A44AB8CFF47} = {3C5EA8D2-047D-4492-A5BB-FF468210CF87}
		{EA1CD197-FA51-4D2F-A9CF-EE3FA2D8C9E6} = {E83E9704-05FB-473C-A5E4-EE8D1969CB29}
		{7106D2F0-804E-4F73-950C-266FFC096A87} = {BA392E57-9DFC-44F8-B891-A0802A88D22B}
		{C123D876-A195-4220-B3F1-3C3E85720D3F} = {BA392E57-9DFC-44F8-B891-A0802A88D22B}
		{04FC583C-392D-47C4-B557-535B01016210} = {9688F299-AC1D-482C-8116-69CF6849D6B6}
		{9688F299-AC1D-482C-8116-69CF6849D6B6} = {253991D0-5167-48FC-A767-5537AB5C18DE}
		{3C5EA8D2-047D-4492-A5BB-FF468210CF87} = {253991D0-5167-48FC-A767-5537AB5C18DE}
		{E83E9704-05FB-473C-A5E4-EE8D1969CB29} = {253991D0-5167-48FC-A767-5537AB5C18DE}
		{98AEC6FA-897E-4A47-B480-47BB410ABFAC} = {E83E9704-05FB-473C-A5E4-EE8D1969CB29}
		{07280D48-1239-4EB1-9B28-C358E8944A8E} = {3C5EA8D2-047D-4492-A5BB-FF468210CF87}
		{C792DC03-4697-4402-9FB9-D1872BDF736D} = {9688F299-AC1D-482C-8116-69CF6849D6B6}
		{E6F477ED-BA20-4E27-BFF7-DB546F92103C} = {253991D0-5167-48FC-A767-5537AB5C18DE}
		{839EF27A-3261-473F-BA78-DE18DFA9B7AE} = {E6F477ED-BA20-4E27-BFF7-DB546F92103C}
		{8BABA3A9-0BF8-4E2B-8C7B-B2C5A94707A2} = {E6F477ED-BA20-4E27-BFF7-DB546F92103C}
		{0CDFA464-A451-4FDC-A58F-6E5D924B49E9} = {3C5EA8D2-047D-4492-A5BB-FF468210CF87}
		{20C7FCE1-0363-48CF-9BB3-98C2AD6E770A} = {E83E9704-05FB-473C-A5E4-EE8D1969CB29}
		{8CEDCC29-73AA-45DB-A351-929B1F2903F0} = {2BC25D73-D38B-4B7C-841B-5B54B8716EAA}
		{13B1869B-1D0E-4398-9C66-D41F0BC7DEF0} = {2BC25D73-D38B-4B7C-841B-5B54B8716EAA}
		{691DAC55-DFC6-48BA-8E5F-F19266316F08} = {2BC25D73-D38B-4B7C-841B-5B54B8716EAA}
		{F193BB64-603D-4A3F-8BC0-2B8FE218F280} = {2BC25D73-D38B-4B7C-841B-5B54B8716EAA}
		{F864BD74-A7E3-4349-BE07-F0725A2EA589} = {691DAC55-DFC6-48BA-8E5F-F19266316F08}
		{45B1889F-B934-4C5C-8AC4-35B28F7CF37E} = {691DAC55-DFC6-48BA-8E5F-F19266316F08}
		{AE2405C6-54CA-43B1-BCF0-36B7010C0F0E} = {F193BB64-603D-4A3F-8BC0-2B8FE218F280}
		{32E0E5F6-3AA7-4E8B-8239-EB613C33CCC4} = {F193BB64-603D-4A3F-8BC0-2B8FE218F280}
		{0B3FD709-0509-42FB-9852-F0221283255E} = {13B1869B-1D0E-4398-9C66-D41F0BC7DEF0}
		{7C213A5A-81E9-4C10-A3C4-80830D0954D4} = {13B1869B-1D0E-4398-9C66-D41F0BC7DEF0}
		{BA392E57-9DFC-44F8-B891-A0802A88D22B} = {253991D0-5167-48FC-A767-5537AB5C18DE}
		{2C697652-F1AA-4335-8973-C5588840B8A6} = {B65914AE-2560-4A02-9C56-8D03D82B64FA}
		{C2EB943F-4BB8-47BB-BDC1-7F6B607FB977} = {B65914AE-2560-4A02-9C56-8D03D82B64FA}
		{6E26EAA0-D0D6-41AB-9AED-61542F7EDFC5} = {B65914AE-2560-4A02-9C56-8D03D82B64FA}
		{1DCCE734-2B1F-4EEA-9A88-85BCFE06A1DF} = {B65914AE-2560-4A02-9C56-8D03D82B64FA}
		{E7777E3D-34E7-4ACB-928A-FB70D25F0C64} = {3C5EA8D2-047D-4492-A5BB-FF468210CF87}
		{F8AA6562-B5AC-4660-8B53-6708FBF43AFA} = {253991D0-5167-48FC-A767-5537AB5C18DE}
		{F0F09701-6A36-479E-97B9-BCC0DEF3C050} = {F8AA6562-B5AC-4660-8B53-6708FBF43AFA}
		{AE26E765-3E28-45C0-87FC-A45A88AE431B} = {F8AA6562-B5AC-4660-8B53-6708FBF43AFA}
		{4DEF3EDB-91A6-4C95-BF74-D11B3363BEE2} = {F8AA6562-B5AC-4660-8B53-6708FBF43AFA}
	EndGlobalSection
	GlobalSection(ExtensibilityGlobals) = postSolution
		SolutionGuid = {969F13E9-EC4F-42ED-B7A0-8014292666AB}
	EndGlobalSection
EndGlobal
